<?xml version="1.0" encoding="utf-8"?>
<Project ToolsVersion="4.0" xmlns="http://schemas.microsoft.com/developer/msbuild/2003">
  <ItemGroup>
    <Filter Include="Source Files">
      <UniqueIdentifier>{2b275ae0-214c-4d1b-96e7-bda53a2ab27d}</UniqueIdentifier>
      <Extensions>cpp;c;cxx;rc;def;r;odl;hpj;bat;for;f90</Extensions>
    </Filter>
    <Filter Include="Header Files">
      <UniqueIdentifier>{f42a3454-6f89-4063-9f76-c6e5596c7d66}</UniqueIdentifier>
      <Extensions>h;hpp;hxx;hm;inl;fi;fd</Extensions>
    </Filter>
    <Filter Include="Resource Files">
      <UniqueIdentifier>{79a5f340-5604-417e-9258-3dbdf3041c2b}</UniqueIdentifier>
      <Extensions>ico;cur;bmp;dlg;rc2;rct;bin;cnt;rtf;gif;jpg;jpeg;jpe</Extensions>
    </Filter>
    <Filter Include="Libs">
      <UniqueIdentifier>{a84aa3ab-54bc-49fd-a0ec-f0aceb7e644c}</UniqueIdentifier>
    </Filter>
    <Filter Include="Libs\jpeg">
      <UniqueIdentifier>{0e3302fb-1ebd-4852-9d8e-94209fbdcf21}</UniqueIdentifier>
    </Filter>
    <Filter Include="Libs\jpeg\Header Files">
      <UniqueIdentifier>{0318ea82-dd1a-4d4a-88d9-2245b6678ede}</UniqueIdentifier>
    </Filter>
    <Filter Include="Libs\jpeg\Source Files">
      <UniqueIdentifier>{7fac7c9f-7052-49af-858b-d93a3e68177a}</UniqueIdentifier>
    </Filter>
    <Filter Include="Libs\openexr">
      <UniqueIdentifier>{67c9308e-4091-46c7-85dc-f0d8bd8cc629}</UniqueIdentifier>
    </Filter>
    <Filter Include="Shaders">
      <UniqueIdentifier>{22494e89-45fb-425e-97bc-b5b0d3bf7f5c}</UniqueIdentifier>
    </Filter>
    <Filter Include="Libs\glsl_optimizer">
      <UniqueIdentifier>{2b80e230-d6a4-45f3-a49f-610c28996774}</UniqueIdentifier>
    </Filter>
    <Filter Include="Libs\glsl_optimizer\Source Files">
      <UniqueIdentifier>{c463220d-9860-4b41-8e37-96ab63f6f63b}</UniqueIdentifier>
    </Filter>
    <Filter Include="Libs\glsl_optimizer\Header Files">
      <UniqueIdentifier>{d7fa0273-fb51-476c-b2c3-164a3e64c151}</UniqueIdentifier>
    </Filter>
  </ItemGroup>
  <ItemGroup>
    <ClCompile Include="gl_shader.cpp">
      <Filter>Source Files</Filter>
    </ClCompile>
    <ClCompile Include="tr_animation.c">
      <Filter>Source Files</Filter>
    </ClCompile>
    <ClCompile Include="tr_animation_mdm.c">
      <Filter>Source Files</Filter>
    </ClCompile>
    <ClCompile Include="tr_backend.cpp">
      <Filter>Source Files</Filter>
    </ClCompile>
    <ClCompile Include="tr_bsp.c">
      <Filter>Source Files</Filter>
    </ClCompile>
    <ClCompile Include="tr_cmds.c">
      <Filter>Source Files</Filter>
    </ClCompile>
    <ClCompile Include="tr_curve.c">
      <Filter>Source Files</Filter>
    </ClCompile>
    <ClCompile Include="tr_decals.c">
      <Filter>Source Files</Filter>
    </ClCompile>
    <ClCompile Include="tr_fbo.c">
      <Filter>Source Files</Filter>
    </ClCompile>
    <ClCompile Include="tr_flares.c">
      <Filter>Source Files</Filter>
    </ClCompile>
    <ClCompile Include="tr_fog.c">
      <Filter>Source Files</Filter>
    </ClCompile>
    <ClCompile Include="tr_font.c">
      <Filter>Source Files</Filter>
    </ClCompile>
    <ClCompile Include="tr_image.c">
      <Filter>Source Files</Filter>
    </ClCompile>
    <ClCompile Include="tr_image_dds.c">
      <Filter>Source Files</Filter>
    </ClCompile>
    <ClCompile Include="tr_image_exr.cpp">
      <Filter>Source Files</Filter>
    </ClCompile>
    <ClCompile Include="tr_image_jpg.c">
      <Filter>Source Files</Filter>
    </ClCompile>
    <ClCompile Include="tr_image_png.c">
      <Filter>Source Files</Filter>
    </ClCompile>
    <ClCompile Include="tr_image_tga.c">
      <Filter>Source Files</Filter>
    </ClCompile>
    <ClCompile Include="tr_light.c">
      <Filter>Source Files</Filter>
    </ClCompile>
    <ClCompile Include="tr_main.c">
      <Filter>Source Files</Filter>
    </ClCompile>
    <ClCompile Include="tr_marks.c">
      <Filter>Source Files</Filter>
    </ClCompile>
    <ClCompile Include="tr_mesh.c">
      <Filter>Source Files</Filter>
    </ClCompile>
    <ClCompile Include="tr_model.c">
      <Filter>Source Files</Filter>
    </ClCompile>
    <ClCompile Include="tr_model_md3.c">
      <Filter>Source Files</Filter>
    </ClCompile>
    <ClCompile Include="tr_model_md5.c">
      <Filter>Source Files</Filter>
    </ClCompile>
    <ClCompile Include="tr_model_mdc.c">
      <Filter>Source Files</Filter>
    </ClCompile>
    <ClCompile Include="tr_model_mdm.c">
      <Filter>Source Files</Filter>
    </ClCompile>
    <ClCompile Include="tr_model_psk.c">
      <Filter>Source Files</Filter>
    </ClCompile>
    <ClCompile Include="tr_model_skel.c">
      <Filter>Source Files</Filter>
    </ClCompile>
    <ClCompile Include="tr_noise.c">
      <Filter>Source Files</Filter>
    </ClCompile>
    <ClCompile Include="tr_scene.c">
      <Filter>Source Files</Filter>
    </ClCompile>
    <ClCompile Include="tr_shade.cpp">
      <Filter>Source Files</Filter>
    </ClCompile>
    <ClCompile Include="tr_shade_calc.c">
      <Filter>Source Files</Filter>
    </ClCompile>
    <ClCompile Include="tr_shader.c">
      <Filter>Source Files</Filter>
    </ClCompile>
    <ClCompile Include="tr_shadows.c">
      <Filter>Source Files</Filter>
    </ClCompile>
    <ClCompile Include="tr_skin.c">
      <Filter>Source Files</Filter>
    </ClCompile>
    <ClCompile Include="tr_sky.cpp">
      <Filter>Source Files</Filter>
    </ClCompile>
    <ClCompile Include="tr_surface.c">
      <Filter>Source Files</Filter>
    </ClCompile>
    <ClCompile Include="tr_vbo.c">
      <Filter>Source Files</Filter>
    </ClCompile>
    <ClCompile Include="tr_world.cpp">
      <Filter>Source Files</Filter>
    </ClCompile>
    <ClCompile Include="..\..\libs\openexr\half.cpp">
      <Filter>Libs\openexr</Filter>
    </ClCompile>
    <ClCompile Include="tr_init.cpp">
      <Filter>Source Files</Filter>
    </ClCompile>
    <ClCompile Include="..\sys\sdl_gamma.c">
      <Filter>Source Files</Filter>
    </ClCompile>
    <ClCompile Include="..\sys\sdl_glimp.c">
      <Filter>Source Files</Filter>
    </ClCompile>
    <ClCompile Include="..\..\libs\jpeg\jaricom.c">
      <Filter>Libs\jpeg\Source Files</Filter>
    </ClCompile>
    <ClCompile Include="..\..\libs\jpeg\jcapimin.c">
      <Filter>Libs\jpeg\Source Files</Filter>
    </ClCompile>
    <ClCompile Include="..\..\libs\jpeg\jcapistd.c">
      <Filter>Libs\jpeg\Source Files</Filter>
    </ClCompile>
    <ClCompile Include="..\..\libs\jpeg\jcarith.c">
      <Filter>Libs\jpeg\Source Files</Filter>
    </ClCompile>
    <ClCompile Include="..\..\libs\jpeg\jccoefct.c">
      <Filter>Libs\jpeg\Source Files</Filter>
    </ClCompile>
    <ClCompile Include="..\..\libs\jpeg\jccolor.c">
      <Filter>Libs\jpeg\Source Files</Filter>
    </ClCompile>
    <ClCompile Include="..\..\libs\jpeg\jcdctmgr.c">
      <Filter>Libs\jpeg\Source Files</Filter>
    </ClCompile>
    <ClCompile Include="..\..\libs\jpeg\jchuff.c">
      <Filter>Libs\jpeg\Source Files</Filter>
    </ClCompile>
    <ClCompile Include="..\..\libs\jpeg\jcinit.c">
      <Filter>Libs\jpeg\Source Files</Filter>
    </ClCompile>
    <ClCompile Include="..\..\libs\jpeg\jcmainct.c">
      <Filter>Libs\jpeg\Source Files</Filter>
    </ClCompile>
    <ClCompile Include="..\..\libs\jpeg\jcmarker.c">
      <Filter>Libs\jpeg\Source Files</Filter>
    </ClCompile>
    <ClCompile Include="..\..\libs\jpeg\jcmaster.c">
      <Filter>Libs\jpeg\Source Files</Filter>
    </ClCompile>
    <ClCompile Include="..\..\libs\jpeg\jcomapi.c">
      <Filter>Libs\jpeg\Source Files</Filter>
    </ClCompile>
    <ClCompile Include="..\..\libs\jpeg\jcparam.c">
      <Filter>Libs\jpeg\Source Files</Filter>
    </ClCompile>
    <ClCompile Include="..\..\libs\jpeg\jcprepct.c">
      <Filter>Libs\jpeg\Source Files</Filter>
    </ClCompile>
    <ClCompile Include="..\..\libs\jpeg\jcsample.c">
      <Filter>Libs\jpeg\Source Files</Filter>
    </ClCompile>
    <ClCompile Include="..\..\libs\jpeg\jctrans.c">
      <Filter>Libs\jpeg\Source Files</Filter>
    </ClCompile>
    <ClCompile Include="..\..\libs\jpeg\jdapimin.c">
      <Filter>Libs\jpeg\Source Files</Filter>
    </ClCompile>
    <ClCompile Include="..\..\libs\jpeg\jdapistd.c">
      <Filter>Libs\jpeg\Source Files</Filter>
    </ClCompile>
    <ClCompile Include="..\..\libs\jpeg\jdarith.c">
      <Filter>Libs\jpeg\Source Files</Filter>
    </ClCompile>
    <ClCompile Include="..\..\libs\jpeg\jdatadst.c">
      <Filter>Libs\jpeg\Source Files</Filter>
    </ClCompile>
    <ClCompile Include="..\..\libs\jpeg\jdatasrc.c">
      <Filter>Libs\jpeg\Source Files</Filter>
    </ClCompile>
    <ClCompile Include="..\..\libs\jpeg\jdcoefct.c">
      <Filter>Libs\jpeg\Source Files</Filter>
    </ClCompile>
    <ClCompile Include="..\..\libs\jpeg\jdcolor.c">
      <Filter>Libs\jpeg\Source Files</Filter>
    </ClCompile>
    <ClCompile Include="..\..\libs\jpeg\jddctmgr.c">
      <Filter>Libs\jpeg\Source Files</Filter>
    </ClCompile>
    <ClCompile Include="..\..\libs\jpeg\jdhuff.c">
      <Filter>Libs\jpeg\Source Files</Filter>
    </ClCompile>
    <ClCompile Include="..\..\libs\jpeg\jdinput.c">
      <Filter>Libs\jpeg\Source Files</Filter>
    </ClCompile>
    <ClCompile Include="..\..\libs\jpeg\jdmainct.c">
      <Filter>Libs\jpeg\Source Files</Filter>
    </ClCompile>
    <ClCompile Include="..\..\libs\jpeg\jdmarker.c">
      <Filter>Libs\jpeg\Source Files</Filter>
    </ClCompile>
    <ClCompile Include="..\..\libs\jpeg\jdmaster.c">
      <Filter>Libs\jpeg\Source Files</Filter>
    </ClCompile>
    <ClCompile Include="..\..\libs\jpeg\jdmerge.c">
      <Filter>Libs\jpeg\Source Files</Filter>
    </ClCompile>
    <ClCompile Include="..\..\libs\jpeg\jdpostct.c">
      <Filter>Libs\jpeg\Source Files</Filter>
    </ClCompile>
    <ClCompile Include="..\..\libs\jpeg\jdsample.c">
      <Filter>Libs\jpeg\Source Files</Filter>
    </ClCompile>
    <ClCompile Include="..\..\libs\jpeg\jdtrans.c">
      <Filter>Libs\jpeg\Source Files</Filter>
    </ClCompile>
    <ClCompile Include="..\..\libs\jpeg\jerror.c">
      <Filter>Libs\jpeg\Source Files</Filter>
    </ClCompile>
    <ClCompile Include="..\..\libs\jpeg\jfdctflt.c">
      <Filter>Libs\jpeg\Source Files</Filter>
    </ClCompile>
    <ClCompile Include="..\..\libs\jpeg\jfdctfst.c">
      <Filter>Libs\jpeg\Source Files</Filter>
    </ClCompile>
    <ClCompile Include="..\..\libs\jpeg\jfdctint.c">
      <Filter>Libs\jpeg\Source Files</Filter>
    </ClCompile>
    <ClCompile Include="..\..\libs\jpeg\jidctflt.c">
      <Filter>Libs\jpeg\Source Files</Filter>
    </ClCompile>
    <ClCompile Include="..\..\libs\jpeg\jidctfst.c">
      <Filter>Libs\jpeg\Source Files</Filter>
    </ClCompile>
    <ClCompile Include="..\..\libs\jpeg\jidctint.c">
      <Filter>Libs\jpeg\Source Files</Filter>
    </ClCompile>
    <ClCompile Include="..\..\libs\jpeg\jmemmgr.c">
      <Filter>Libs\jpeg\Source Files</Filter>
    </ClCompile>
    <ClCompile Include="..\..\libs\jpeg\jmemnobs.c">
      <Filter>Libs\jpeg\Source Files</Filter>
    </ClCompile>
    <ClCompile Include="..\..\libs\jpeg\jquant1.c">
      <Filter>Libs\jpeg\Source Files</Filter>
    </ClCompile>
    <ClCompile Include="..\..\libs\jpeg\jquant2.c">
      <Filter>Libs\jpeg\Source Files</Filter>
    </ClCompile>
    <ClCompile Include="..\..\libs\jpeg\jutils.c">
      <Filter>Libs\jpeg\Source Files</Filter>
    </ClCompile>
    <ClCompile Include="..\qcommon\q_shared.c">
      <Filter>Source Files</Filter>
    </ClCompile>
    <ClCompile Include="..\qcommon\q_math.c">
      <Filter>Source Files</Filter>
    </ClCompile>
    <ClCompile Include="tr_image_webp.c">
      <Filter>Source Files</Filter>
    </ClCompile>
    <ClCompile Include="..\..\libs\glsl-optimizer\src\glsl\ast_expr.cpp">
      <Filter>Libs\glsl_optimizer\Source Files</Filter>
    </ClCompile>
    <ClCompile Include="..\..\libs\glsl-optimizer\src\glsl\ast_function.cpp">
      <Filter>Libs\glsl_optimizer\Source Files</Filter>
    </ClCompile>
    <ClCompile Include="..\..\libs\glsl-optimizer\src\glsl\ast_to_hir.cpp">
      <Filter>Libs\glsl_optimizer\Source Files</Filter>
    </ClCompile>
    <ClCompile Include="..\..\libs\glsl-optimizer\src\glsl\ast_type.cpp">
      <Filter>Libs\glsl_optimizer\Source Files</Filter>
    </ClCompile>
    <ClCompile Include="..\..\libs\glsl-optimizer\src\glsl\builtin_function.cpp">
      <Filter>Libs\glsl_optimizer\Source Files</Filter>
    </ClCompile>
    <ClCompile Include="..\..\libs\glsl-optimizer\src\glsl\glsl_lexer.cpp">
      <Filter>Libs\glsl_optimizer\Source Files</Filter>
    </ClCompile>
    <ClCompile Include="..\..\libs\glsl-optimizer\src\glsl\glsl_optimizer.cpp">
      <Filter>Libs\glsl_optimizer\Source Files</Filter>
    </ClCompile>
    <ClCompile Include="..\..\libs\glsl-optimizer\src\glsl\glsl_parser.cpp">
      <Filter>Libs\glsl_optimizer\Source Files</Filter>
    </ClCompile>
    <ClCompile Include="..\..\libs\glsl-optimizer\src\glsl\glsl_parser_extras.cpp">
      <Filter>Libs\glsl_optimizer\Source Files</Filter>
    </ClCompile>
    <ClCompile Include="..\..\libs\glsl-optimizer\src\glsl\glsl_symbol_table.cpp">
      <Filter>Libs\glsl_optimizer\Source Files</Filter>
    </ClCompile>
    <ClCompile Include="..\..\libs\glsl-optimizer\src\glsl\glsl_types.cpp">
      <Filter>Libs\glsl_optimizer\Source Files</Filter>
    </ClCompile>
    <ClCompile Include="..\..\libs\glsl-optimizer\src\glsl\hir_field_selection.cpp">
      <Filter>Libs\glsl_optimizer\Source Files</Filter>
    </ClCompile>
    <ClCompile Include="..\..\libs\glsl-optimizer\src\glsl\ir.cpp">
      <Filter>Libs\glsl_optimizer\Source Files</Filter>
    </ClCompile>
    <ClCompile Include="..\..\libs\glsl-optimizer\src\glsl\ir_basic_block.cpp">
      <Filter>Libs\glsl_optimizer\Source Files</Filter>
    </ClCompile>
    <ClCompile Include="..\..\libs\glsl-optimizer\src\glsl\ir_clone.cpp">
      <Filter>Libs\glsl_optimizer\Source Files</Filter>
    </ClCompile>
    <ClCompile Include="..\..\libs\glsl-optimizer\src\glsl\ir_constant_expression.cpp">
      <Filter>Libs\glsl_optimizer\Source Files</Filter>
    </ClCompile>
    <ClCompile Include="..\..\libs\glsl-optimizer\src\glsl\ir_expression_flattening.cpp">
      <Filter>Libs\glsl_optimizer\Source Files</Filter>
    </ClCompile>
    <ClCompile Include="..\..\libs\glsl-optimizer\src\glsl\ir_function.cpp">
      <Filter>Libs\glsl_optimizer\Source Files</Filter>
    </ClCompile>
    <ClCompile Include="..\..\libs\glsl-optimizer\src\glsl\ir_function_can_inline.cpp">
      <Filter>Libs\glsl_optimizer\Source Files</Filter>
    </ClCompile>
    <ClCompile Include="..\..\libs\glsl-optimizer\src\glsl\ir_function_detect_recursion.cpp">
      <Filter>Libs\glsl_optimizer\Source Files</Filter>
    </ClCompile>
    <ClCompile Include="..\..\libs\glsl-optimizer\src\glsl\ir_hierarchical_visitor.cpp">
      <Filter>Libs\glsl_optimizer\Source Files</Filter>
    </ClCompile>
    <ClCompile Include="..\..\libs\glsl-optimizer\src\glsl\ir_hv_accept.cpp">
      <Filter>Libs\glsl_optimizer\Source Files</Filter>
    </ClCompile>
    <ClCompile Include="..\..\libs\glsl-optimizer\src\glsl\ir_import_prototypes.cpp">
      <Filter>Libs\glsl_optimizer\Source Files</Filter>
    </ClCompile>
    <ClCompile Include="..\..\libs\glsl-optimizer\src\glsl\ir_print_glsl_visitor.cpp">
      <Filter>Libs\glsl_optimizer\Source Files</Filter>
    </ClCompile>
    <ClCompile Include="..\..\libs\glsl-optimizer\src\glsl\ir_print_visitor.cpp">
      <Filter>Libs\glsl_optimizer\Source Files</Filter>
    </ClCompile>
    <ClCompile Include="..\..\libs\glsl-optimizer\src\glsl\ir_reader.cpp">
      <Filter>Libs\glsl_optimizer\Source Files</Filter>
    </ClCompile>
    <ClCompile Include="..\..\libs\glsl-optimizer\src\glsl\ir_rvalue_visitor.cpp">
      <Filter>Libs\glsl_optimizer\Source Files</Filter>
    </ClCompile>
    <ClCompile Include="..\..\libs\glsl-optimizer\src\glsl\ir_set_program_inouts.cpp">
      <Filter>Libs\glsl_optimizer\Source Files</Filter>
    </ClCompile>
    <ClCompile Include="..\..\libs\glsl-optimizer\src\glsl\ir_unused_structs.cpp">
      <Filter>Libs\glsl_optimizer\Source Files</Filter>
    </ClCompile>
    <ClCompile Include="..\..\libs\glsl-optimizer\src\glsl\ir_validate.cpp">
      <Filter>Libs\glsl_optimizer\Source Files</Filter>
    </ClCompile>
    <ClCompile Include="..\..\libs\glsl-optimizer\src\glsl\ir_variable.cpp">
      <Filter>Libs\glsl_optimizer\Source Files</Filter>
    </ClCompile>
    <ClCompile Include="..\..\libs\glsl-optimizer\src\glsl\ir_variable_refcount.cpp">
      <Filter>Libs\glsl_optimizer\Source Files</Filter>
    </ClCompile>
    <ClCompile Include="..\..\libs\glsl-optimizer\src\glsl\link_functions.cpp">
      <Filter>Libs\glsl_optimizer\Source Files</Filter>
    </ClCompile>
    <ClCompile Include="..\..\libs\glsl-optimizer\src\glsl\linker.cpp">
      <Filter>Libs\glsl_optimizer\Source Files</Filter>
    </ClCompile>
    <ClCompile Include="..\..\libs\glsl-optimizer\src\glsl\loop_analysis.cpp">
      <Filter>Libs\glsl_optimizer\Source Files</Filter>
    </ClCompile>
    <ClCompile Include="..\..\libs\glsl-optimizer\src\glsl\loop_controls.cpp">
      <Filter>Libs\glsl_optimizer\Source Files</Filter>
    </ClCompile>
    <ClCompile Include="..\..\libs\glsl-optimizer\src\glsl\loop_unroll.cpp">
      <Filter>Libs\glsl_optimizer\Source Files</Filter>
    </ClCompile>
    <ClCompile Include="..\..\libs\glsl-optimizer\src\glsl\lower_discard.cpp">
      <Filter>Libs\glsl_optimizer\Source Files</Filter>
    </ClCompile>
    <ClCompile Include="..\..\libs\glsl-optimizer\src\glsl\lower_if_to_cond_assign.cpp">
      <Filter>Libs\glsl_optimizer\Source Files</Filter>
    </ClCompile>
    <ClCompile Include="..\..\libs\glsl-optimizer\src\glsl\lower_instructions.cpp">
      <Filter>Libs\glsl_optimizer\Source Files</Filter>
    </ClCompile>
    <ClCompile Include="..\..\libs\glsl-optimizer\src\glsl\lower_jumps.cpp">
      <Filter>Libs\glsl_optimizer\Source Files</Filter>
    </ClCompile>
    <ClCompile Include="..\..\libs\glsl-optimizer\src\glsl\lower_mat_op_to_vec.cpp">
      <Filter>Libs\glsl_optimizer\Source Files</Filter>
    </ClCompile>
    <ClCompile Include="..\..\libs\glsl-optimizer\src\glsl\lower_noise.cpp">
      <Filter>Libs\glsl_optimizer\Source Files</Filter>
    </ClCompile>
    <ClCompile Include="..\..\libs\glsl-optimizer\src\glsl\lower_texture_projection.cpp">
      <Filter>Libs\glsl_optimizer\Source Files</Filter>
    </ClCompile>
    <ClCompile Include="..\..\libs\glsl-optimizer\src\glsl\lower_variable_index_to_cond_assign.cpp">
      <Filter>Libs\glsl_optimizer\Source Files</Filter>
    </ClCompile>
    <ClCompile Include="..\..\libs\glsl-optimizer\src\glsl\lower_vec_index_to_cond_assign.cpp">
      <Filter>Libs\glsl_optimizer\Source Files</Filter>
    </ClCompile>
    <ClCompile Include="..\..\libs\glsl-optimizer\src\glsl\lower_vec_index_to_swizzle.cpp">
      <Filter>Libs\glsl_optimizer\Source Files</Filter>
    </ClCompile>
    <ClCompile Include="..\..\libs\glsl-optimizer\src\glsl\lower_vector.cpp">
      <Filter>Libs\glsl_optimizer\Source Files</Filter>
    </ClCompile>
    <ClCompile Include="..\..\libs\glsl-optimizer\src\glsl\main.cpp">
      <Filter>Libs\glsl_optimizer\Source Files</Filter>
    </ClCompile>
    <ClCompile Include="..\..\libs\glsl-optimizer\src\glsl\opt_algebraic.cpp">
      <Filter>Libs\glsl_optimizer\Source Files</Filter>
    </ClCompile>
    <ClCompile Include="..\..\libs\glsl-optimizer\src\glsl\opt_constant_folding.cpp">
      <Filter>Libs\glsl_optimizer\Source Files</Filter>
    </ClCompile>
    <ClCompile Include="..\..\libs\glsl-optimizer\src\glsl\opt_constant_propagation.cpp">
      <Filter>Libs\glsl_optimizer\Source Files</Filter>
    </ClCompile>
    <ClCompile Include="..\..\libs\glsl-optimizer\src\glsl\opt_constant_variable.cpp">
      <Filter>Libs\glsl_optimizer\Source Files</Filter>
    </ClCompile>
    <ClCompile Include="..\..\libs\glsl-optimizer\src\glsl\opt_copy_propagation.cpp">
      <Filter>Libs\glsl_optimizer\Source Files</Filter>
    </ClCompile>
    <ClCompile Include="..\..\libs\glsl-optimizer\src\glsl\opt_copy_propagation_elements.cpp">
      <Filter>Libs\glsl_optimizer\Source Files</Filter>
    </ClCompile>
    <ClCompile Include="..\..\libs\glsl-optimizer\src\glsl\opt_dead_code.cpp">
      <Filter>Libs\glsl_optimizer\Source Files</Filter>
    </ClCompile>
    <ClCompile Include="..\..\libs\glsl-optimizer\src\glsl\opt_dead_code_local.cpp">
      <Filter>Libs\glsl_optimizer\Source Files</Filter>
    </ClCompile>
    <ClCompile Include="..\..\libs\glsl-optimizer\src\glsl\opt_dead_functions.cpp">
      <Filter>Libs\glsl_optimizer\Source Files</Filter>
    </ClCompile>
    <ClCompile Include="..\..\libs\glsl-optimizer\src\glsl\opt_discard_simplification.cpp">
      <Filter>Libs\glsl_optimizer\Source Files</Filter>
    </ClCompile>
    <ClCompile Include="..\..\libs\glsl-optimizer\src\glsl\opt_function_inlining.cpp">
      <Filter>Libs\glsl_optimizer\Source Files</Filter>
    </ClCompile>
    <ClCompile Include="..\..\libs\glsl-optimizer\src\glsl\opt_if_simplification.cpp">
      <Filter>Libs\glsl_optimizer\Source Files</Filter>
    </ClCompile>
    <ClCompile Include="..\..\libs\glsl-optimizer\src\glsl\opt_noop_swizzle.cpp">
      <Filter>Libs\glsl_optimizer\Source Files</Filter>
    </ClCompile>
    <ClCompile Include="..\..\libs\glsl-optimizer\src\glsl\opt_redundant_jumps.cpp">
      <Filter>Libs\glsl_optimizer\Source Files</Filter>
    </ClCompile>
    <ClCompile Include="..\..\libs\glsl-optimizer\src\glsl\opt_structure_splitting.cpp">
      <Filter>Libs\glsl_optimizer\Source Files</Filter>
    </ClCompile>
    <ClCompile Include="..\..\libs\glsl-optimizer\src\glsl\opt_swizzle_swizzle.cpp">
      <Filter>Libs\glsl_optimizer\Source Files</Filter>
    </ClCompile>
    <ClCompile Include="..\..\libs\glsl-optimizer\src\glsl\opt_tree_grafting.cpp">
      <Filter>Libs\glsl_optimizer\Source Files</Filter>
    </ClCompile>
    <ClCompile Include="..\..\libs\glsl-optimizer\src\glsl\s_expression.cpp">
      <Filter>Libs\glsl_optimizer\Source Files</Filter>
    </ClCompile>
    <ClCompile Include="..\..\libs\glsl-optimizer\src\glsl\standalone_scaffolding.cpp">
      <Filter>Libs\glsl_optimizer\Source Files</Filter>
    </ClCompile>
    <ClCompile Include="..\..\libs\glsl-optimizer\src\glsl\glcpp\glcpp-lex.c">
      <Filter>Libs\glsl_optimizer\Source Files</Filter>
    </ClCompile>
    <ClCompile Include="..\..\libs\glsl-optimizer\src\glsl\glcpp\glcpp-parse.c">
      <Filter>Libs\glsl_optimizer\Source Files</Filter>
    </ClCompile>
    <ClCompile Include="..\..\libs\glsl-optimizer\src\glsl\glcpp\pp.c">
      <Filter>Libs\glsl_optimizer\Source Files</Filter>
    </ClCompile>
    <ClCompile Include="..\..\libs\glsl-optimizer\src\glsl\ralloc.c">
      <Filter>Libs\glsl_optimizer\Source Files</Filter>
    </ClCompile>
    <ClCompile Include="..\..\libs\glsl-optimizer\src\glsl\strtod.c">
      <Filter>Libs\glsl_optimizer\Source Files</Filter>
    </ClCompile>
    <ClCompile Include="..\..\libs\glsl-optimizer\src\mesa\program\hash_table.c">
      <Filter>Libs\glsl_optimizer\Source Files</Filter>
    </ClCompile>
    <ClCompile Include="..\..\libs\glsl-optimizer\src\mesa\program\symbol_table.c">
      <Filter>Libs\glsl_optimizer\Source Files</Filter>
    </ClCompile>
    <ClCompile Include="..\..\libs\glsl-optimizer\src\getopt\getopt_long.c">
      <Filter>Libs\glsl_optimizer\Source Files</Filter>
    </ClCompile>
  </ItemGroup>
  <ItemGroup>
    <ClInclude Include="gl_shader.h">
      <Filter>Header Files</Filter>
    </ClInclude>
    <ClInclude Include="tr_model_skel.h">
      <Filter>Header Files</Filter>
    </ClInclude>
    <ClInclude Include="..\..\libs\openexr\eLut.h">
      <Filter>Libs\openexr</Filter>
    </ClInclude>
    <ClInclude Include="..\..\libs\openexr\half.h">
      <Filter>Libs\openexr</Filter>
    </ClInclude>
    <ClInclude Include="..\..\libs\openexr\halfLimits.h">
      <Filter>Libs\openexr</Filter>
    </ClInclude>
    <ClInclude Include="..\..\libs\openexr\toFloat.h">
      <Filter>Libs\openexr</Filter>
    </ClInclude>
    <ClInclude Include="tr_image.h">
      <Filter>Header Files</Filter>
    </ClInclude>
    <ClInclude Include="..\..\..\etmain\src\game\q_shared.h">
      <Filter>Header Files</Filter>
    </ClInclude>
    <ClInclude Include="..\..\libs\jpeg-6\jchuff.h">
      <Filter>Header Files</Filter>
    </ClInclude>
    <ClInclude Include="..\..\libs\jpeg\jconfig.h">
      <Filter>Libs\jpeg\Header Files</Filter>
    </ClInclude>
    <ClInclude Include="..\..\libs\jpeg\jdct.h">
      <Filter>Libs\jpeg\Header Files</Filter>
    </ClInclude>
    <ClInclude Include="..\..\libs\jpeg\jerror.h">
      <Filter>Libs\jpeg\Header Files</Filter>
    </ClInclude>
    <ClInclude Include="..\..\libs\jpeg\jinclude.h">
      <Filter>Libs\jpeg\Header Files</Filter>
    </ClInclude>
    <ClInclude Include="..\..\libs\jpeg\jmemsys.h">
      <Filter>Libs\jpeg\Header Files</Filter>
    </ClInclude>
    <ClInclude Include="..\..\libs\jpeg\jmorecfg.h">
      <Filter>Libs\jpeg\Header Files</Filter>
    </ClInclude>
    <ClInclude Include="..\..\libs\jpeg\jpegint.h">
      <Filter>Libs\jpeg\Header Files</Filter>
    </ClInclude>
    <ClInclude Include="..\..\libs\jpeg\jpeglib.h">
      <Filter>Libs\jpeg\Header Files</Filter>
    </ClInclude>
    <ClInclude Include="..\..\libs\jpeg\jversion.h">
      <Filter>Libs\jpeg\Header Files</Filter>
    </ClInclude>
    <ClInclude Include="tr_local.h">
      <Filter>Header Files</Filter>
    </ClInclude>
    <ClInclude Include="..\renderer\tr_types.h">
      <Filter>Header Files</Filter>
    </ClInclude>
    <ClInclude Include="..\..\libs\glsl-optimizer\src\glsl\ast.h">
      <Filter>Libs\glsl_optimizer\Header Files</Filter>
    </ClInclude>
    <ClInclude Include="..\..\libs\glsl-optimizer\src\glsl\builtin_types.h">
      <Filter>Libs\glsl_optimizer\Header Files</Filter>
    </ClInclude>
    <ClInclude Include="..\..\libs\glsl-optimizer\src\glsl\builtin_variables.h">
      <Filter>Libs\glsl_optimizer\Header Files</Filter>
    </ClInclude>
    <ClInclude Include="..\..\libs\glsl-optimizer\src\glsl\glsl_optimizer.h">
      <Filter>Libs\glsl_optimizer\Header Files</Filter>
    </ClInclude>
    <ClInclude Include="..\..\libs\glsl-optimizer\src\glsl\glsl_parser.h">
      <Filter>Libs\glsl_optimizer\Header Files</Filter>
    </ClInclude>
    <ClInclude Include="..\..\libs\glsl-optimizer\src\glsl\glsl_parser_extras.h">
      <Filter>Libs\glsl_optimizer\Header Files</Filter>
    </ClInclude>
    <ClInclude Include="..\..\libs\glsl-optimizer\src\glsl\glsl_symbol_table.h">
      <Filter>Libs\glsl_optimizer\Header Files</Filter>
    </ClInclude>
    <ClInclude Include="..\..\libs\glsl-optimizer\src\glsl\glsl_types.h">
      <Filter>Libs\glsl_optimizer\Header Files</Filter>
    </ClInclude>
    <ClInclude Include="..\..\libs\glsl-optimizer\src\glsl\ir.h">
      <Filter>Libs\glsl_optimizer\Header Files</Filter>
    </ClInclude>
    <ClInclude Include="..\..\libs\glsl-optimizer\src\glsl\ir_basic_block.h">
      <Filter>Libs\glsl_optimizer\Header Files</Filter>
    </ClInclude>
    <ClInclude Include="..\..\libs\glsl-optimizer\src\glsl\ir_expression_flattening.h">
      <Filter>Libs\glsl_optimizer\Header Files</Filter>
    </ClInclude>
    <ClInclude Include="..\..\libs\glsl-optimizer\src\glsl\ir_function_inlining.h">
      <Filter>Libs\glsl_optimizer\Header Files</Filter>
    </ClInclude>
    <ClInclude Include="..\..\libs\glsl-optimizer\src\glsl\ir_hierarchical_visitor.h">
      <Filter>Libs\glsl_optimizer\Header Files</Filter>
    </ClInclude>
    <ClInclude Include="..\..\libs\glsl-optimizer\src\glsl\ir_optimization.h">
      <Filter>Libs\glsl_optimizer\Header Files</Filter>
    </ClInclude>
    <ClInclude Include="..\..\libs\glsl-optimizer\src\glsl\ir_print_glsl_visitor.h">
      <Filter>Libs\glsl_optimizer\Header Files</Filter>
    </ClInclude>
    <ClInclude Include="..\..\libs\glsl-optimizer\src\glsl\ir_print_visitor.h">
      <Filter>Libs\glsl_optimizer\Header Files</Filter>
    </ClInclude>
    <ClInclude Include="..\..\libs\glsl-optimizer\src\glsl\ir_reader.h">
      <Filter>Libs\glsl_optimizer\Header Files</Filter>
    </ClInclude>
    <ClInclude Include="..\..\libs\glsl-optimizer\src\glsl\ir_rvalue_visitor.h">
      <Filter>Libs\glsl_optimizer\Header Files</Filter>
    </ClInclude>
    <ClInclude Include="..\..\libs\glsl-optimizer\src\glsl\ir_unused_structs.h">
      <Filter>Libs\glsl_optimizer\Header Files</Filter>
    </ClInclude>
    <ClInclude Include="..\..\libs\glsl-optimizer\src\glsl\ir_variable_refcount.h">
      <Filter>Libs\glsl_optimizer\Header Files</Filter>
    </ClInclude>
    <ClInclude Include="..\..\libs\glsl-optimizer\src\glsl\ir_visitor.h">
      <Filter>Libs\glsl_optimizer\Header Files</Filter>
    </ClInclude>
    <ClInclude Include="..\..\libs\glsl-optimizer\src\glsl\linker.h">
      <Filter>Libs\glsl_optimizer\Header Files</Filter>
    </ClInclude>
    <ClInclude Include="..\..\libs\glsl-optimizer\src\glsl\list.h">
      <Filter>Libs\glsl_optimizer\Header Files</Filter>
    </ClInclude>
    <ClInclude Include="..\..\libs\glsl-optimizer\src\glsl\loop_analysis.h">
      <Filter>Libs\glsl_optimizer\Header Files</Filter>
    </ClInclude>
    <ClInclude Include="..\..\libs\glsl-optimizer\src\glsl\program.h">
      <Filter>Libs\glsl_optimizer\Header Files</Filter>
    </ClInclude>
    <ClInclude Include="..\..\libs\glsl-optimizer\src\glsl\ralloc.h">
      <Filter>Libs\glsl_optimizer\Header Files</Filter>
    </ClInclude>
    <ClInclude Include="..\..\libs\glsl-optimizer\src\glsl\s_expression.h">
      <Filter>Libs\glsl_optimizer\Header Files</Filter>
    </ClInclude>
    <ClInclude Include="..\..\libs\glsl-optimizer\src\glsl\standalone_scaffolding.h">
      <Filter>Libs\glsl_optimizer\Header Files</Filter>
    </ClInclude>
    <ClInclude Include="..\..\libs\glsl-optimizer\src\glsl\strtod.h">
      <Filter>Libs\glsl_optimizer\Header Files</Filter>
    </ClInclude>
    <ClInclude Include="..\..\libs\glsl-optimizer\src\glsl\glcpp\glcpp.h">
      <Filter>Libs\glsl_optimizer\Header Files</Filter>
    </ClInclude>
    <ClInclude Include="..\..\libs\glsl-optimizer\src\glsl\glcpp\glcpp-parse.h">
      <Filter>Libs\glsl_optimizer\Header Files</Filter>
    </ClInclude>
    <ClInclude Include="..\..\libs\glsl-optimizer\src\getopt\getopt.h">
      <Filter>Libs\glsl_optimizer\Header Files</Filter>
    </ClInclude>
    <ClInclude Include="..\renderer\tr_font.h">
      <Filter>Header Files</Filter>
    </ClInclude>
  </ItemGroup>
  <ItemGroup>
    <None Include="rendererGL3.def">
      <Filter>Resource Files</Filter>
    </None>
    <None Include="..\..\..\etmain\glsl\bloom_fp.glsl">
      <Filter>Shaders</Filter>
    </None>
    <None Include="..\..\..\etmain\glsl\bloom_vp.glsl">
      <Filter>Shaders</Filter>
    </None>
    <None Include="..\..\..\etmain\glsl\blurX_fp.glsl">
      <Filter>Shaders</Filter>
    </None>
    <None Include="..\..\..\etmain\glsl\blurX_vp.glsl">
      <Filter>Shaders</Filter>
    </None>
    <None Include="..\..\..\etmain\glsl\blurY_fp.glsl">
      <Filter>Shaders</Filter>
    </None>
    <None Include="..\..\..\etmain\glsl\blurY_vp.glsl">
      <Filter>Shaders</Filter>
    </None>
    <None Include="..\..\..\etmain\glsl\cameraEffects_fp.glsl">
      <Filter>Shaders</Filter>
    </None>
    <None Include="..\..\..\etmain\glsl\cameraEffects_vp.glsl">
      <Filter>Shaders</Filter>
    </None>
    <None Include="..\..\..\etmain\glsl\contrast_fp.glsl">
      <Filter>Shaders</Filter>
    </None>
    <None Include="..\..\..\etmain\glsl\contrast_vp.glsl">
      <Filter>Shaders</Filter>
    </None>
    <None Include="..\..\..\etmain\glsl\debugShadowMap_fp.glsl">
      <Filter>Shaders</Filter>
    </None>
    <None Include="..\..\..\etmain\glsl\debugShadowMap_vp.glsl">
      <Filter>Shaders</Filter>
    </None>
    <None Include="..\..\..\etmain\glsl\deferredLighting_DBS_directional_fp.glsl">
      <Filter>Shaders</Filter>
    </None>
    <None Include="..\..\..\etmain\glsl\deferredLighting_DBS_directional_vp.glsl">
      <Filter>Shaders</Filter>
    </None>
    <None Include="..\..\..\etmain\glsl\deferredLighting_DBS_omni_fp.glsl">
      <Filter>Shaders</Filter>
    </None>
    <None Include="..\..\..\etmain\glsl\deferredLighting_DBS_omni_vp.glsl">
      <Filter>Shaders</Filter>
    </None>
    <None Include="..\..\..\etmain\glsl\deferredLighting_DBS_proj_fp.glsl">
      <Filter>Shaders</Filter>
    </None>
    <None Include="..\..\..\etmain\glsl\deferredLighting_DBS_proj_vp.glsl">
      <Filter>Shaders</Filter>
    </None>
    <None Include="..\..\..\etmain\glsl\deferredShadowing_proj_fp.glsl">
      <Filter>Shaders</Filter>
    </None>
    <None Include="..\..\..\etmain\glsl\deferredShadowing_proj_vp.glsl">
      <Filter>Shaders</Filter>
    </None>
    <None Include="..\..\..\etmain\glsl\deformVertexes_vp.glsl">
      <Filter>Shaders</Filter>
    </None>
    <None Include="..\..\..\etmain\glsl\depthOfField_fp.glsl">
      <Filter>Shaders</Filter>
    </None>
    <None Include="..\..\..\etmain\glsl\depthOfField_vp.glsl">
      <Filter>Shaders</Filter>
    </None>
    <None Include="..\..\..\etmain\glsl\depthToColor_fp.glsl">
      <Filter>Shaders</Filter>
    </None>
    <None Include="..\..\..\etmain\glsl\depthToColor_vp.glsl">
      <Filter>Shaders</Filter>
    </None>
    <None Include="..\..\..\etmain\glsl\dispersion_C_fp.glsl">
      <Filter>Shaders</Filter>
    </None>
    <None Include="..\..\..\etmain\glsl\dispersion_C_vp.glsl">
      <Filter>Shaders</Filter>
    </None>
    <None Include="..\..\..\etmain\glsl\fogGlobal_fp.glsl">
      <Filter>Shaders</Filter>
    </None>
    <None Include="..\..\..\etmain\glsl\fogGlobal_vp.glsl">
      <Filter>Shaders</Filter>
    </None>
    <None Include="..\..\..\etmain\glsl\fogQuake3_fp.glsl">
      <Filter>Shaders</Filter>
    </None>
    <None Include="..\..\..\etmain\glsl\fogQuake3_vp.glsl">
      <Filter>Shaders</Filter>
    </None>
    <None Include="..\..\..\etmain\glsl\forwardLighting_DBS_post_fp.glsl">
      <Filter>Shaders</Filter>
    </None>
    <None Include="..\..\..\etmain\glsl\forwardLighting_DBS_post_vp.glsl">
      <Filter>Shaders</Filter>
    </None>
    <None Include="..\..\..\etmain\glsl\forwardLighting_fp.glsl">
      <Filter>Shaders</Filter>
    </None>
    <None Include="..\..\..\etmain\glsl\forwardLighting_vp.glsl">
      <Filter>Shaders</Filter>
    </None>
    <None Include="..\..\..\etmain\glsl\generic_fp.glsl">
      <Filter>Shaders</Filter>
    </None>
    <None Include="..\..\..\etmain\glsl\generic_vp.glsl">
      <Filter>Shaders</Filter>
    </None>
    <None Include="..\..\..\etmain\glsl\geometricFill_fp.glsl">
      <Filter>Shaders</Filter>
    </None>
    <None Include="..\..\..\etmain\glsl\geometricFill_vp.glsl">
      <Filter>Shaders</Filter>
    </None>
    <None Include="..\..\..\etmain\glsl\heatHaze_fp.glsl">
      <Filter>Shaders</Filter>
    </None>
    <None Include="..\..\..\etmain\glsl\heatHaze_vp.glsl">
      <Filter>Shaders</Filter>
    </None>
    <None Include="..\..\..\etmain\glsl\lightMapping_fp.glsl">
      <Filter>Shaders</Filter>
    </None>
    <None Include="..\..\..\etmain\glsl\lightMapping_vp.glsl">
      <Filter>Shaders</Filter>
    </None>
    <None Include="..\..\..\etmain\glsl\lightVolume_omni_fp.glsl">
      <Filter>Shaders</Filter>
    </None>
    <None Include="..\..\..\etmain\glsl\lightVolume_omni_vp.glsl">
      <Filter>Shaders</Filter>
    </None>
    <None Include="..\..\..\etmain\glsl\liquid_fp.glsl">
      <Filter>Shaders</Filter>
    </None>
    <None Include="..\..\..\etmain\glsl\liquid_vp.glsl">
      <Filter>Shaders</Filter>
    </None>
    <None Include="..\..\..\etmain\glsl\portal_fp.glsl">
      <Filter>Shaders</Filter>
    </None>
    <None Include="..\..\..\etmain\glsl\portal_vp.glsl">
      <Filter>Shaders</Filter>
    </None>
    <None Include="..\..\..\etmain\glsl\reflection_CB_fp.glsl">
      <Filter>Shaders</Filter>
    </None>
    <None Include="..\..\..\etmain\glsl\reflection_CB_vp.glsl">
      <Filter>Shaders</Filter>
    </None>
    <None Include="..\..\..\etmain\glsl\refraction_C_fp.glsl">
      <Filter>Shaders</Filter>
    </None>
    <None Include="..\..\..\etmain\glsl\refraction_C_vp.glsl">
      <Filter>Shaders</Filter>
    </None>
    <None Include="..\..\..\etmain\glsl\reliefMapping_fp.glsl">
      <Filter>Shaders</Filter>
    </None>
    <None Include="..\..\..\etmain\glsl\rotoscope_fp.glsl">
      <Filter>Shaders</Filter>
    </None>
    <None Include="..\..\..\etmain\glsl\rotoscope_vp.glsl">
      <Filter>Shaders</Filter>
    </None>
    <None Include="..\..\..\etmain\glsl\screen_fp.glsl">
      <Filter>Shaders</Filter>
    </None>
    <None Include="..\..\..\etmain\glsl\screen_vp.glsl">
      <Filter>Shaders</Filter>
    </None>
    <None Include="..\..\..\etmain\glsl\screenSpaceAmbientOcclusion_fp.glsl">
      <Filter>Shaders</Filter>
    </None>
    <None Include="..\..\..\etmain\glsl\screenSpaceAmbientOcclusion_vp.glsl">
      <Filter>Shaders</Filter>
    </None>
    <None Include="..\..\..\etmain\glsl\shadowExtrude_fp.glsl">
      <Filter>Shaders</Filter>
    </None>
    <None Include="..\..\..\etmain\glsl\shadowExtrude_vp.glsl">
      <Filter>Shaders</Filter>
    </None>
    <None Include="..\..\..\etmain\glsl\shadowFill_fp.glsl">
      <Filter>Shaders</Filter>
    </None>
    <None Include="..\..\..\etmain\glsl\shadowFill_vp.glsl">
      <Filter>Shaders</Filter>
    </None>
    <None Include="..\..\..\etmain\glsl\skybox_fp.glsl">
      <Filter>Shaders</Filter>
    </None>
    <None Include="..\..\..\etmain\glsl\skybox_vp.glsl">
      <Filter>Shaders</Filter>
    </None>
    <None Include="..\..\..\etmain\glsl\toneMapping_fp.glsl">
      <Filter>Shaders</Filter>
    </None>
    <None Include="..\..\..\etmain\glsl\toneMapping_vp.glsl">
      <Filter>Shaders</Filter>
    </None>
    <None Include="..\..\..\etmain\glsl\vertexAnimation_vp.glsl">
      <Filter>Shaders</Filter>
    </None>
    <None Include="..\..\..\etmain\glsl\vertexLighting_DBS_entity_fp.glsl">
      <Filter>Shaders</Filter>
    </None>
    <None Include="..\..\..\etmain\glsl\vertexLighting_DBS_entity_vp.glsl">
      <Filter>Shaders</Filter>
    </None>
    <None Include="..\..\..\etmain\glsl\vertexLighting_DBS_world_fp.glsl">
      <Filter>Shaders</Filter>
    </None>
    <None Include="..\..\..\etmain\glsl\vertexLighting_DBS_world_vp.glsl">
      <Filter>Shaders</Filter>
    </None>
    <None Include="..\..\..\etmain\glsl\vertexSkinning_vp.glsl">
      <Filter>Shaders</Filter>
    </None>
    <None Include="..\..\..\etmain\glsl\volumetricFog_fp.glsl">
      <Filter>Shaders</Filter>
    </None>
    <None Include="..\..\..\etmain\glsl\volumetricFog_vp.glsl">
      <Filter>Shaders</Filter>
    </None>
  </ItemGroup>
  <ItemGroup>
    <CustomBuild Include="..\asm\ftola.asm">
      <Filter>Source Files</Filter>
    </CustomBuild>
  </ItemGroup>
</Project>