<?xml version="1.0" encoding="utf-8"?>
<Project ToolsVersion="4.0" xmlns="http://schemas.microsoft.com/developer/msbuild/2003">
  <ItemGroup>
    <Filter Include="Source Files">
      <UniqueIdentifier>{ee545717-fee2-497c-b561-8bacfad7fc08}</UniqueIdentifier>
    </Filter>
    <Filter Include="Header Files">
      <UniqueIdentifier>{a9be7728-a300-430d-9b61-f7ded8b5337b}</UniqueIdentifier>
    </Filter>
    <Filter Include="Resource Files">
      <UniqueIdentifier>{22c62227-cf7c-4986-80ab-a30f6ea967d4}</UniqueIdentifier>
    </Filter>
  </ItemGroup>
  <ItemGroup>
    <ClCompile Include="curlutil.c">
      <Filter>Source Files</Filter>
    </ClCompile>
    <ClCompile Include="getpass.c">
      <Filter>Source Files</Filter>
    </ClCompile>
    <ClCompile Include="homedir.c">
      <Filter>Source Files</Filter>
    </ClCompile>
    <ClCompile Include="hugehelp.c">
      <Filter>Source Files</Filter>
    </ClCompile>
    <ClCompile Include="main.c">
      <Filter>Source Files</Filter>
    </ClCompile>
    <ClCompile Include="os-specific.c">
      <Filter>Source Files</Filter>
    </ClCompile>
    <ClCompile Include="..\lib\nonblock.c">
      <Filter>Source Files</Filter>
    </ClCompile>
    <ClCompile Include="..\lib\rawstr.c">
      <Filter>Source Files</Filter>
    </ClCompile>
    <ClCompile Include="..\lib\strtoofft.c">
      <Filter>Source Files</Filter>
    </ClCompile>
    <ClCompile Include="urlglob.c">
      <Filter>Source Files</Filter>
    </ClCompile>
    <ClCompile Include="writeenv.c">
      <Filter>Source Files</Filter>
    </ClCompile>
    <ClCompile Include="writeout.c">
      <Filter>Source Files</Filter>
    </ClCompile>
    <ClCompile Include="xattr.c">
      <Filter>Source Files</Filter>
    </ClCompile>
  </ItemGroup>
  <ItemGroup>
    <ClInclude Include="config-win32.h">
      <Filter>Header Files</Filter>
    </ClInclude>
    <ClInclude Include="curlutil.h">
      <Filter>Header Files</Filter>
    </ClInclude>
    <ClInclude Include="getpass.h">
      <Filter>Header Files</Filter>
    </ClInclude>
    <ClInclude Include="homedir.h">
      <Filter>Header Files</Filter>
    </ClInclude>
    <ClInclude Include="hugehelp.h">
      <Filter>Header Files</Filter>
    </ClInclude>
    <ClInclude Include="os-specific.h">
      <Filter>Header Files</Filter>
    </ClInclude>
    <ClInclude Include="setup.h">
      <Filter>Header Files</Filter>
    </ClInclude>
    <ClInclude Include="..\lib\nonblock.h">
      <Filter>Header Files</Filter>
    </ClInclude>
    <ClInclude Include="..\lib\rawstr.h">
      <Filter>Header Files</Filter>
    </ClInclude>
    <ClInclude Include="..\lib\strtoofft.h">
      <Filter>Header Files</Filter>
    </ClInclude>
    <ClInclude Include="urlglob.h">
      <Filter>Header Files</Filter>
    </ClInclude>
    <ClInclude Include="version.h">
      <Filter>Header Files</Filter>
    </ClInclude>
    <ClInclude Include="writeenv.h">
      <Filter>Header Files</Filter>
    </ClInclude>
    <ClInclude Include="writeout.h">
      <Filter>Header Files</Filter>
    </ClInclude>
    <ClInclude Include="xattr.h">
      <Filter>Header Files</Filter>
    </ClInclude>
  </ItemGroup>
  <ItemGroup>
    <ResourceCompile Include="curl.rc">
      <Filter>Resource Files</Filter>
    </ResourceCompile>
  </ItemGroup>
</Project>