<?xml version="1.0" encoding="utf-8"?>
<Project ToolsVersion="4.0" xmlns="http://schemas.microsoft.com/developer/msbuild/2003">
  <ItemGroup>
    <Filter Include="Source Files">
      <UniqueIdentifier>{25116ade-7d3d-43a4-aa38-79e597c04148}</UniqueIdentifier>
      <Extensions>cpp;c;cxx;rc;def;r;odl;idl;hpj;bat</Extensions>
    </Filter>
    <Filter Include="Header Files">
      <UniqueIdentifier>{083911c8-142e-4ba9-b276-cdbd2dbd8445}</UniqueIdentifier>
      <Extensions>h;hpp;hxx;hm;inl</Extensions>
    </Filter>
    <Filter Include="Resource Files">
      <UniqueIdentifier>{295c916f-dd5f-4818-bb22-3e14e6d707f4}</UniqueIdentifier>
      <Extensions>ico;cur;bmp;dlg;rc2;rct;bin;rgs;gif;jpg;jpeg;jpe</Extensions>
    </Filter>
  </ItemGroup>
  <ItemGroup>
    <ClCompile Include="..\..\png.c">
      <Filter>Source Files</Filter>
    </ClCompile>
    <ClCompile Include="..\..\pngerror.c">
      <Filter>Source Files</Filter>
    </ClCompile>
    <ClCompile Include="..\..\pngget.c">
      <Filter>Source Files</Filter>
    </ClCompile>
    <ClCompile Include="..\..\pngmem.c">
      <Filter>Source Files</Filter>
    </ClCompile>
    <ClCompile Include="..\..\pngpread.c">
      <Filter>Source Files</Filter>
    </ClCompile>
    <ClCompile Include="..\..\pngread.c">
      <Filter>Source Files</Filter>
    </ClCompile>
    <ClCompile Include="..\..\pngrio.c">
      <Filter>Source Files</Filter>
    </ClCompile>
    <ClCompile Include="..\..\pngrtran.c">
      <Filter>Source Files</Filter>
    </ClCompile>
    <ClCompile Include="..\..\pngrutil.c">
      <Filter>Source Files</Filter>
    </ClCompile>
    <ClCompile Include="..\..\pngset.c">
      <Filter>Source Files</Filter>
    </ClCompile>
    <ClCompile Include="..\..\pngtrans.c">
      <Filter>Source Files</Filter>
    </ClCompile>
    <ClCompile Include="..\..\pngwio.c">
      <Filter>Source Files</Filter>
    </ClCompile>
    <ClCompile Include="..\..\pngwrite.c">
      <Filter>Source Files</Filter>
    </ClCompile>
    <ClCompile Include="..\..\pngwtran.c">
      <Filter>Source Files</Filter>
    </ClCompile>
    <ClCompile Include="..\..\pngwutil.c">
      <Filter>Source Files</Filter>
    </ClCompile>
  </ItemGroup>
  <ItemGroup>
    <None Include="README.txt" />
  </ItemGroup>
  <ItemGroup>
    <ClInclude Include="..\..\png.h">
      <Filter>Header Files</Filter>
    </ClInclude>
    <ClInclude Include="..\..\pngconf.h">
      <Filter>Header Files</Filter>
    </ClInclude>
    <ClInclude Include="..\..\pngpriv.h">
      <Filter>Header Files</Filter>
    </ClInclude>
  </ItemGroup>
  <ItemGroup>
    <ResourceCompile Include="..\..\scripts\pngwin.rc">
      <Filter>Resource Files</Filter>
    </ResourceCompile>
  </ItemGroup>
  <ItemGroup>
    <CustomBuildStep Include="..\..\scripts\pngwin.def">
      <Filter>Source Files</Filter>
    </CustomBuildStep>
  </ItemGroup>
  <ItemGroup>
    <CustomBuild Include="PRJ0041.mak" />
  </ItemGroup>
</Project>