
Microsoft Visual Studio Solution File, Format Version 11.00
# Visual Studio 2010
Project("{8BC9CEB8-8B4A-11D0-8D11-00A0C91BC942}") = "botlib", "botlib\botlib.vcxproj", "{EFA65954-05A8-43C4-B4FE-FAFE8E678AB7}"
EndProject
Project("{8BC9CEB8-8B4A-11D0-8D11-00A0C91BC942}") = "Daemon", "Daemon.vcxproj", "{B604B554-38D6-4BC8-9F7F-D6BC8719A653}"
EndProject
Project("{8BC9CEB8-8B4A-11D0-8D11-00A0C91BC942}") = "glew", "..\libs\glew\build\vc6\glew_shared.vcxproj", "{583B8B2E-E56E-4A63-8697-0942C654AC5F}"
EndProject
Project("{8BC9CEB8-8B4A-11D0-8D11-00A0C91BC942}") = "SDL", "..\libs\libsdl\VisualC\SDL\SDL.vcxproj", "{81CE8DAF-EBB2-4761-8E45-B71ABCCA8C68}"
EndProject
Project("{8BC9CEB8-8B4A-11D0-8D11-00A0C91BC942}") = "SDLmain", "..\libs\libsdl\VisualC\SDLmain\SDLmain.vcxproj", "{DA956FD3-E142-46F2-9DD5-C78BEBB56B7A}"
EndProject
Project("{8BC9CEB8-8B4A-11D0-8D11-00A0C91BC942}") = "renderer", "renderer\renderer.vcxproj", "{7906CC4F-E230-4049-A3EF-EA7F64E73DDE}"
	ProjectSection(ProjectDependencies) = postProject
		{583B8B2E-E56E-4A63-8697-0942C654AC5F} = {583B8B2E-E56E-4A63-8697-0942C654AC5F}
		{81CE8DAF-EBB2-4761-8E45-B71ABCCA8C68} = {81CE8DAF-EBB2-4761-8E45-B71ABCCA8C68}
		{DA956FD3-E142-46F2-9DD5-C78BEBB56B7A} = {DA956FD3-E142-46F2-9DD5-C78BEBB56B7A}
	EndProjectSection
EndProject
Project("{8BC9CEB8-8B4A-11D0-8D11-00A0C91BC942}") = "rendererGL3", "rendererGL\rendererGL.vcxproj", "{A78CE356-910C-4C0E-886D-5E3F09F40082}"
EndProject
Project("{2150E333-8FDC-42A3-9474-1A3956D46DE8}") = "Engine", "Engine", "{82A5BFC3-148E-44BA-B3D1-0BF97DC11E19}"
EndProject
Project("{2150E333-8FDC-42A3-9474-1A3956D46DE8}") = "Renderer Engine", "Renderer Engine", "{4A545240-63A6-4A70-934A-93A50762BD4B}"
EndProject
Project("{2150E333-8FDC-42A3-9474-1A3956D46DE8}") = "ET Game Logic", "ET Game Logic", "{B21C759E-596A-4C10-B0AF-C0CA7430C9E1}"
EndProject
Project("{2150E333-8FDC-42A3-9474-1A3956D46DE8}") = "Library Files", "Library Files", "{19015845-C78A-430B-BD2A-E864DC1C285A}"
EndProject
Project("{8BC9CEB8-8B4A-11D0-8D11-00A0C91BC942}") = "DaemonMap", "..\tools\owmap\OWMap.vcxproj", "{A596DC61-F285-264E-AF49-24D6360F25B0}"
EndProject
Project("{2150E333-8FDC-42A3-9474-1A3956D46DE8}") = "Documents", "Documents", "{DA3FC87A-518B-46BC-8C5F-591FA52C6D5D}"
	ProjectSection(SolutionItems) = preProject
		..\docs\BotScriptCommands = ..\docs\BotScriptCommands
		..\docs\Changelog = ..\docs\Changelog
		..\docs\Notes = ..\docs\Notes
		..\docs\QA-Changelog = ..\docs\QA-Changelog
		..\docs\Todo = ..\docs\Todo
	EndProjectSection
EndProject
Project("{2150E333-8FDC-42A3-9474-1A3956D46DE8}") = "Tools", "Tools", "{79E077A7-DE41-4045-96DA-30D9AFDD92FB}"
EndProject
Project("{2150E333-8FDC-42A3-9474-1A3956D46DE8}") = "Tremulous Game Logic", "Tremulous Game Logic", "{52E7FCDB-F1FA-40F3-9EFA-3829D93E4106}"
EndProject
Project("{2150E333-8FDC-42A3-9474-1A3956D46DE8}") = "Tremulous GPP Game Logic", "Tremulous GPP Game Logic", "{8ACC1AB8-EBBF-438C-AEE7-B5E211615FED}"
EndProject
Project("{2150E333-8FDC-42A3-9474-1A3956D46DE8}") = "Game Logic", "Game Logic", "{8167C31B-DFE2-46EB-AC47-AF725E19BBE9}"
EndProject
Project("{8BC9CEB8-8B4A-11D0-8D11-00A0C91BC942}") = "DaemonMaster", "..\tools\owmaster\owmaster.vcxproj", "{49F16AE1-8677-4ECE-A882-DC6BBC73C44E}"
EndProject
Project("{8BC9CEB8-8B4A-11D0-8D11-00A0C91BC942}") = "snd_openal", "snd_openal\snd_openal.vcxproj", "{26EFB790-E3D6-436F-A7FC-36B9A00240D1}"
EndProject
Project("{8BC9CEB8-8B4A-11D0-8D11-00A0C91BC942}") = "cgame", "..\gamelogic\etmain\src\cgame\cgame.vcxproj", "{68A804FC-00C3-44E2-A479-3DB3D20F943D}"
EndProject
Project("{8BC9CEB8-8B4A-11D0-8D11-00A0C91BC942}") = "game", "..\gamelogic\etmain\src\game\game.vcxproj", "{4F8332D7-5687-4875-813A-A1B7AA479C2D}"
EndProject
Project("{8BC9CEB8-8B4A-11D0-8D11-00A0C91BC942}") = "ui", "..\gamelogic\etmain\src\ui\ui.vcxproj", "{4C02EEB1-33AA-41C5-9A96-609161DF1635}"
EndProject
Project("{8BC9CEB8-8B4A-11D0-8D11-00A0C91BC942}") = "cgame", "..\gamelogic\base\src\cgame\cgame.vcxproj", "{48033ADD-F9CE-4951-9520-2A86AC61E45B}"
EndProject
Project("{8BC9CEB8-8B4A-11D0-8D11-00A0C91BC942}") = "game", "..\gamelogic\base\src\game\game.vcxproj", "{6E90EE4B-CEA6-40F3-A5CC-8C96B7EA5F2E}"
EndProject
Project("{8BC9CEB8-8B4A-11D0-8D11-00A0C91BC942}") = "ui", "..\gamelogic\base\src\ui\ui.vcxproj", "{75976B8A-6A6C-4CB9-B953-8633BD61181B}"
EndProject
Project("{8BC9CEB8-8B4A-11D0-8D11-00A0C91BC942}") = "cgame", "..\gamelogic\gpp\src\cgame\cgame.vcxproj", "{C878E295-CB82-4B40-8ECF-5CE5525466FA}"
EndProject
Project("{8BC9CEB8-8B4A-11D0-8D11-00A0C91BC942}") = "game", "..\gamelogic\gpp\src\game\game.vcxproj", "{F9EE10DA-2404-4154-B904-F93C936C040A}"
EndProject
Project("{8BC9CEB8-8B4A-11D0-8D11-00A0C91BC942}") = "ui", "..\gamelogic\gpp\src\ui\ui.vcxproj", "{D454C4C7-7765-4149-ABAD-05FDEB9D94F8}"
EndProject
Global
	GlobalSection(SolutionConfigurationPlatforms) = preSolution
		Debug Dedicated|Win32 = Debug Dedicated|Win32
		Debug Dedicated|x64 = Debug Dedicated|x64
		Debug|Win32 = Debug|Win32
		Debug|x64 = Debug|x64
		Release Dedicated|Win32 = Release Dedicated|Win32
		Release Dedicated|x64 = Release Dedicated|x64
		Release|Win32 = Release|Win32
		Release|x64 = Release|x64
	EndGlobalSection
	GlobalSection(ProjectConfigurationPlatforms) = postSolution
		{EFA65954-05A8-43C4-B4FE-FAFE8E678AB7}.Debug Dedicated|Win32.ActiveCfg = Debug|Win32
		{EFA65954-05A8-43C4-B4FE-FAFE8E678AB7}.Debug Dedicated|Win32.Build.0 = Debug|Win32
		{EFA65954-05A8-43C4-B4FE-FAFE8E678AB7}.Debug Dedicated|x64.ActiveCfg = Debug|x64
		{EFA65954-05A8-43C4-B4FE-FAFE8E678AB7}.Debug Dedicated|x64.Build.0 = Debug|x64
		{EFA65954-05A8-43C4-B4FE-FAFE8E678AB7}.Debug|Win32.ActiveCfg = Debug|Win32
		{EFA65954-05A8-43C4-B4FE-FAFE8E678AB7}.Debug|Win32.Build.0 = Debug|Win32
		{EFA65954-05A8-43C4-B4FE-FAFE8E678AB7}.Debug|x64.ActiveCfg = Debug|x64
		{EFA65954-05A8-43C4-B4FE-FAFE8E678AB7}.Debug|x64.Build.0 = Debug|x64
		{EFA65954-05A8-43C4-B4FE-FAFE8E678AB7}.Release Dedicated|Win32.ActiveCfg = Release|Win32
		{EFA65954-05A8-43C4-B4FE-FAFE8E678AB7}.Release Dedicated|Win32.Build.0 = Release|Win32
		{EFA65954-05A8-43C4-B4FE-FAFE8E678AB7}.Release Dedicated|x64.ActiveCfg = Release|x64
		{EFA65954-05A8-43C4-B4FE-FAFE8E678AB7}.Release Dedicated|x64.Build.0 = Release|x64
		{EFA65954-05A8-43C4-B4FE-FAFE8E678AB7}.Release|Win32.ActiveCfg = Release|Win32
		{EFA65954-05A8-43C4-B4FE-FAFE8E678AB7}.Release|Win32.Build.0 = Release|Win32
		{EFA65954-05A8-43C4-B4FE-FAFE8E678AB7}.Release|x64.ActiveCfg = Release|x64
		{EFA65954-05A8-43C4-B4FE-FAFE8E678AB7}.Release|x64.Build.0 = Release|x64
		{B604B554-38D6-4BC8-9F7F-D6BC8719A653}.Debug Dedicated|Win32.ActiveCfg = Debug Dedicated|Win32
		{B604B554-38D6-4BC8-9F7F-D6BC8719A653}.Debug Dedicated|Win32.Build.0 = Debug Dedicated|Win32
		{B604B554-38D6-4BC8-9F7F-D6BC8719A653}.Debug Dedicated|x64.ActiveCfg = Debug Dedicated|x64
		{B604B554-38D6-4BC8-9F7F-D6BC8719A653}.Debug Dedicated|x64.Build.0 = Debug Dedicated|x64
		{B604B554-38D6-4BC8-9F7F-D6BC8719A653}.Debug|Win32.ActiveCfg = Debug|Win32
		{B604B554-38D6-4BC8-9F7F-D6BC8719A653}.Debug|Win32.Build.0 = Debug|Win32
		{B604B554-38D6-4BC8-9F7F-D6BC8719A653}.Debug|x64.ActiveCfg = Debug|x64
		{B604B554-38D6-4BC8-9F7F-D6BC8719A653}.Debug|x64.Build.0 = Debug|x64
		{B604B554-38D6-4BC8-9F7F-D6BC8719A653}.Release Dedicated|Win32.ActiveCfg = Release Dedicated|Win32
		{B604B554-38D6-4BC8-9F7F-D6BC8719A653}.Release Dedicated|Win32.Build.0 = Release Dedicated|Win32
		{B604B554-38D6-4BC8-9F7F-D6BC8719A653}.Release Dedicated|x64.ActiveCfg = Release Dedicated|x64
		{B604B554-38D6-4BC8-9F7F-D6BC8719A653}.Release Dedicated|x64.Build.0 = Release Dedicated|x64
		{B604B554-38D6-4BC8-9F7F-D6BC8719A653}.Release|Win32.ActiveCfg = Release|Win32
		{B604B554-38D6-4BC8-9F7F-D6BC8719A653}.Release|Win32.Build.0 = Release|Win32
		{B604B554-38D6-4BC8-9F7F-D6BC8719A653}.Release|x64.ActiveCfg = Release|x64
		{B604B554-38D6-4BC8-9F7F-D6BC8719A653}.Release|x64.Build.0 = Release|x64
		{583B8B2E-E56E-4A63-8697-0942C654AC5F}.Debug Dedicated|Win32.ActiveCfg = Debug|Win32
		{583B8B2E-E56E-4A63-8697-0942C654AC5F}.Debug Dedicated|Win32.Build.0 = Debug|Win32
		{583B8B2E-E56E-4A63-8697-0942C654AC5F}.Debug Dedicated|x64.ActiveCfg = Debug|x64
		{583B8B2E-E56E-4A63-8697-0942C654AC5F}.Debug|Win32.ActiveCfg = Debug|Win32
		{583B8B2E-E56E-4A63-8697-0942C654AC5F}.Debug|Win32.Build.0 = Debug|Win32
		{583B8B2E-E56E-4A63-8697-0942C654AC5F}.Debug|x64.ActiveCfg = Debug|x64
		{583B8B2E-E56E-4A63-8697-0942C654AC5F}.Debug|x64.Build.0 = Debug|x64
		{583B8B2E-E56E-4A63-8697-0942C654AC5F}.Release Dedicated|Win32.ActiveCfg = Release|Win32
		{583B8B2E-E56E-4A63-8697-0942C654AC5F}.Release Dedicated|x64.ActiveCfg = Release|x64
		{583B8B2E-E56E-4A63-8697-0942C654AC5F}.Release|Win32.ActiveCfg = Release|Win32
		{583B8B2E-E56E-4A63-8697-0942C654AC5F}.Release|Win32.Build.0 = Release|Win32
		{583B8B2E-E56E-4A63-8697-0942C654AC5F}.Release|x64.ActiveCfg = Release|x64
		{583B8B2E-E56E-4A63-8697-0942C654AC5F}.Release|x64.Build.0 = Release|x64
		{81CE8DAF-EBB2-4761-8E45-B71ABCCA8C68}.Debug Dedicated|Win32.ActiveCfg = Debug|Win32
		{81CE8DAF-EBB2-4761-8E45-B71ABCCA8C68}.Debug Dedicated|Win32.Build.0 = Debug|Win32
		{81CE8DAF-EBB2-4761-8E45-B71ABCCA8C68}.Debug Dedicated|x64.ActiveCfg = Debug|x64
		{81CE8DAF-EBB2-4761-8E45-B71ABCCA8C68}.Debug Dedicated|x64.Build.0 = Debug|x64
		{81CE8DAF-EBB2-4761-8E45-B71ABCCA8C68}.Debug|Win32.ActiveCfg = Debug|Win32
		{81CE8DAF-EBB2-4761-8E45-B71ABCCA8C68}.Debug|Win32.Build.0 = Debug|Win32
		{81CE8DAF-EBB2-4761-8E45-B71ABCCA8C68}.Debug|x64.ActiveCfg = Debug|x64
		{81CE8DAF-EBB2-4761-8E45-B71ABCCA8C68}.Debug|x64.Build.0 = Debug|x64
		{81CE8DAF-EBB2-4761-8E45-B71ABCCA8C68}.Release Dedicated|Win32.ActiveCfg = Release|Win32
		{81CE8DAF-EBB2-4761-8E45-B71ABCCA8C68}.Release Dedicated|Win32.Build.0 = Release|Win32
		{81CE8DAF-EBB2-4761-8E45-B71ABCCA8C68}.Release Dedicated|x64.ActiveCfg = Release|x64
		{81CE8DAF-EBB2-4761-8E45-B71ABCCA8C68}.Release Dedicated|x64.Build.0 = Release|x64
		{81CE8DAF-EBB2-4761-8E45-B71ABCCA8C68}.Release|Win32.ActiveCfg = Release|Win32
		{81CE8DAF-EBB2-4761-8E45-B71ABCCA8C68}.Release|Win32.Build.0 = Release|Win32
		{81CE8DAF-EBB2-4761-8E45-B71ABCCA8C68}.Release|x64.ActiveCfg = Release|x64
		{81CE8DAF-EBB2-4761-8E45-B71ABCCA8C68}.Release|x64.Build.0 = Release|x64
		{DA956FD3-E142-46F2-9DD5-C78BEBB56B7A}.Debug Dedicated|Win32.ActiveCfg = Debug|Win32
		{DA956FD3-E142-46F2-9DD5-C78BEBB56B7A}.Debug Dedicated|Win32.Build.0 = Debug|Win32
		{DA956FD3-E142-46F2-9DD5-C78BEBB56B7A}.Debug Dedicated|x64.ActiveCfg = Debug|x64
		{DA956FD3-E142-46F2-9DD5-C78BEBB56B7A}.Debug Dedicated|x64.Build.0 = Debug|x64
		{DA956FD3-E142-46F2-9DD5-C78BEBB56B7A}.Debug|Win32.ActiveCfg = Debug|Win32
		{DA956FD3-E142-46F2-9DD5-C78BEBB56B7A}.Debug|Win32.Build.0 = Debug|Win32
		{DA956FD3-E142-46F2-9DD5-C78BEBB56B7A}.Debug|x64.ActiveCfg = Debug|x64
		{DA956FD3-E142-46F2-9DD5-C78BEBB56B7A}.Debug|x64.Build.0 = Debug|x64
		{DA956FD3-E142-46F2-9DD5-C78BEBB56B7A}.Release Dedicated|Win32.ActiveCfg = Release|Win32
		{DA956FD3-E142-46F2-9DD5-C78BEBB56B7A}.Release Dedicated|Win32.Build.0 = Release|Win32
		{DA956FD3-E142-46F2-9DD5-C78BEBB56B7A}.Release Dedicated|x64.ActiveCfg = Release|x64
		{DA956FD3-E142-46F2-9DD5-C78BEBB56B7A}.Release Dedicated|x64.Build.0 = Release|x64
		{DA956FD3-E142-46F2-9DD5-C78BEBB56B7A}.Release|Win32.ActiveCfg = Release|Win32
		{DA956FD3-E142-46F2-9DD5-C78BEBB56B7A}.Release|Win32.Build.0 = Release|Win32
		{DA956FD3-E142-46F2-9DD5-C78BEBB56B7A}.Release|x64.ActiveCfg = Release|x64
		{DA956FD3-E142-46F2-9DD5-C78BEBB56B7A}.Release|x64.Build.0 = Release|x64
		{7906CC4F-E230-4049-A3EF-EA7F64E73DDE}.Debug Dedicated|Win32.ActiveCfg = Debug|Win32
		{7906CC4F-E230-4049-A3EF-EA7F64E73DDE}.Debug Dedicated|x64.ActiveCfg = Debug|x64
		{7906CC4F-E230-4049-A3EF-EA7F64E73DDE}.Debug|Win32.ActiveCfg = Debug|Win32
		{7906CC4F-E230-4049-A3EF-EA7F64E73DDE}.Debug|Win32.Build.0 = Debug|Win32
		{7906CC4F-E230-4049-A3EF-EA7F64E73DDE}.Debug|x64.ActiveCfg = Debug|x64
		{7906CC4F-E230-4049-A3EF-EA7F64E73DDE}.Debug|x64.Build.0 = Debug|x64
		{7906CC4F-E230-4049-A3EF-EA7F64E73DDE}.Release Dedicated|Win32.ActiveCfg = Release|Win32
		{7906CC4F-E230-4049-A3EF-EA7F64E73DDE}.Release Dedicated|x64.ActiveCfg = Release|x64
		{7906CC4F-E230-4049-A3EF-EA7F64E73DDE}.Release|Win32.ActiveCfg = Release|Win32
		{7906CC4F-E230-4049-A3EF-EA7F64E73DDE}.Release|Win32.Build.0 = Release|Win32
		{7906CC4F-E230-4049-A3EF-EA7F64E73DDE}.Release|x64.ActiveCfg = Release|x64
		{7906CC4F-E230-4049-A3EF-EA7F64E73DDE}.Release|x64.Build.0 = Release|x64
		{A78CE356-910C-4C0E-886D-5E3F09F40082}.Debug Dedicated|Win32.ActiveCfg = Debug|Win32
		{A78CE356-910C-4C0E-886D-5E3F09F40082}.Debug Dedicated|x64.ActiveCfg = Debug|x64
		{A78CE356-910C-4C0E-886D-5E3F09F40082}.Debug|Win32.ActiveCfg = Debug|Win32
		{A78CE356-910C-4C0E-886D-5E3F09F40082}.Debug|Win32.Build.0 = Debug|Win32
		{A78CE356-910C-4C0E-886D-5E3F09F40082}.Debug|x64.ActiveCfg = Debug|x64
		{A78CE356-910C-4C0E-886D-5E3F09F40082}.Debug|x64.Build.0 = Debug|x64
		{A78CE356-910C-4C0E-886D-5E3F09F40082}.Release Dedicated|Win32.ActiveCfg = Release|Win32
		{A78CE356-910C-4C0E-886D-5E3F09F40082}.Release Dedicated|x64.ActiveCfg = Release|x64
		{A78CE356-910C-4C0E-886D-5E3F09F40082}.Release|Win32.ActiveCfg = Release|Win32
		{A78CE356-910C-4C0E-886D-5E3F09F40082}.Release|Win32.Build.0 = Release|Win32
		{A78CE356-910C-4C0E-886D-5E3F09F40082}.Release|x64.ActiveCfg = Release|x64
		{A78CE356-910C-4C0E-886D-5E3F09F40082}.Release|x64.Build.0 = Release|x64
		{A596DC61-F285-264E-AF49-24D6360F25B0}.Debug Dedicated|Win32.ActiveCfg = Debug|Win32
		{A596DC61-F285-264E-AF49-24D6360F25B0}.Debug Dedicated|x64.ActiveCfg = Debug|x64
		{A596DC61-F285-264E-AF49-24D6360F25B0}.Debug|Win32.ActiveCfg = Debug|Win32
		{A596DC61-F285-264E-AF49-24D6360F25B0}.Debug|Win32.Build.0 = Debug|Win32
		{A596DC61-F285-264E-AF49-24D6360F25B0}.Debug|x64.ActiveCfg = Debug|x64
		{A596DC61-F285-264E-AF49-24D6360F25B0}.Debug|x64.Build.0 = Debug|x64
		{A596DC61-F285-264E-AF49-24D6360F25B0}.Release Dedicated|Win32.ActiveCfg = Release|Win32
		{A596DC61-F285-264E-AF49-24D6360F25B0}.Release Dedicated|x64.ActiveCfg = Release|x64
		{A596DC61-F285-264E-AF49-24D6360F25B0}.Release|Win32.ActiveCfg = Release|Win32
		{A596DC61-F285-264E-AF49-24D6360F25B0}.Release|Win32.Build.0 = Release|Win32
		{A596DC61-F285-264E-AF49-24D6360F25B0}.Release|x64.ActiveCfg = Release|x64
		{A596DC61-F285-264E-AF49-24D6360F25B0}.Release|x64.Build.0 = Release|x64
		{49F16AE1-8677-4ECE-A882-DC6BBC73C44E}.Debug Dedicated|Win32.ActiveCfg = Debug|Win32
		{49F16AE1-8677-4ECE-A882-DC6BBC73C44E}.Debug Dedicated|x64.ActiveCfg = Debug|x64
		{49F16AE1-8677-4ECE-A882-DC6BBC73C44E}.Debug|Win32.ActiveCfg = Debug|Win32
		{49F16AE1-8677-4ECE-A882-DC6BBC73C44E}.Debug|Win32.Build.0 = Debug|Win32
		{49F16AE1-8677-4ECE-A882-DC6BBC73C44E}.Debug|x64.ActiveCfg = Debug|x64
		{49F16AE1-8677-4ECE-A882-DC6BBC73C44E}.Debug|x64.Build.0 = Debug|x64
		{49F16AE1-8677-4ECE-A882-DC6BBC73C44E}.Release Dedicated|Win32.ActiveCfg = Release|Win32
		{49F16AE1-8677-4ECE-A882-DC6BBC73C44E}.Release Dedicated|x64.ActiveCfg = Release|x64
		{49F16AE1-8677-4ECE-A882-DC6BBC73C44E}.Release|Win32.ActiveCfg = Release|Win32
		{49F16AE1-8677-4ECE-A882-DC6BBC73C44E}.Release|Win32.Build.0 = Release|Win32
		{49F16AE1-8677-4ECE-A882-DC6BBC73C44E}.Release|x64.ActiveCfg = Release|x64
		{49F16AE1-8677-4ECE-A882-DC6BBC73C44E}.Release|x64.Build.0 = Release|x64
		{26EFB790-E3D6-436F-A7FC-36B9A00240D1}.Debug Dedicated|Win32.ActiveCfg = Debug|Win32
		{26EFB790-E3D6-436F-A7FC-36B9A00240D1}.Debug Dedicated|x64.ActiveCfg = Debug|x64
		{26EFB790-E3D6-436F-A7FC-36B9A00240D1}.Debug|Win32.ActiveCfg = Debug|Win32
		{26EFB790-E3D6-436F-A7FC-36B9A00240D1}.Debug|Win32.Build.0 = Debug|Win32
		{26EFB790-E3D6-436F-A7FC-36B9A00240D1}.Debug|x64.ActiveCfg = Debug|x64
		{26EFB790-E3D6-436F-A7FC-36B9A00240D1}.Debug|x64.Build.0 = Debug|x64
		{26EFB790-E3D6-436F-A7FC-36B9A00240D1}.Release Dedicated|Win32.ActiveCfg = Release|Win32
		{26EFB790-E3D6-436F-A7FC-36B9A00240D1}.Release Dedicated|x64.ActiveCfg = Release|x64
		{26EFB790-E3D6-436F-A7FC-36B9A00240D1}.Release|Win32.ActiveCfg = Release|Win32
		{26EFB790-E3D6-436F-A7FC-36B9A00240D1}.Release|Win32.Build.0 = Release|Win32
		{26EFB790-E3D6-436F-A7FC-36B9A00240D1}.Release|x64.ActiveCfg = Release|x64
		{26EFB790-E3D6-436F-A7FC-36B9A00240D1}.Release|x64.Build.0 = Release|x64
		{68A804FC-00C3-44E2-A479-3DB3D20F943D}.Debug Dedicated|Win32.ActiveCfg = Debug|Win32
		{68A804FC-00C3-44E2-A479-3DB3D20F943D}.Debug Dedicated|x64.ActiveCfg = Debug|x64
		{68A804FC-00C3-44E2-A479-3DB3D20F943D}.Debug Dedicated|x64.Build.0 = Debug|x64
		{68A804FC-00C3-44E2-A479-3DB3D20F943D}.Debug|Win32.ActiveCfg = Debug|Win32
		{68A804FC-00C3-44E2-A479-3DB3D20F943D}.Debug|Win32.Build.0 = Debug|Win32
		{68A804FC-00C3-44E2-A479-3DB3D20F943D}.Debug|x64.ActiveCfg = Debug|x64
		{68A804FC-00C3-44E2-A479-3DB3D20F943D}.Debug|x64.Build.0 = Debug|x64
		{68A804FC-00C3-44E2-A479-3DB3D20F943D}.Release Dedicated|Win32.ActiveCfg = Release|Win32
		{68A804FC-00C3-44E2-A479-3DB3D20F943D}.Release Dedicated|x64.ActiveCfg = Release|x64
		{68A804FC-00C3-44E2-A479-3DB3D20F943D}.Release|Win32.ActiveCfg = Release|Win32
		{68A804FC-00C3-44E2-A479-3DB3D20F943D}.Release|Win32.Build.0 = Release|Win32
		{68A804FC-00C3-44E2-A479-3DB3D20F943D}.Release|x64.ActiveCfg = Release|x64
		{68A804FC-00C3-44E2-A479-3DB3D20F943D}.Release|x64.Build.0 = Release|x64
		{4F8332D7-5687-4875-813A-A1B7AA479C2D}.Debug Dedicated|Win32.ActiveCfg = Debug|Win32
		{4F8332D7-5687-4875-813A-A1B7AA479C2D}.Debug Dedicated|x64.ActiveCfg = Debug|x64
		{4F8332D7-5687-4875-813A-A1B7AA479C2D}.Debug Dedicated|x64.Build.0 = Debug|x64
		{4F8332D7-5687-4875-813A-A1B7AA479C2D}.Debug|Win32.ActiveCfg = Debug|Win32
		{4F8332D7-5687-4875-813A-A1B7AA479C2D}.Debug|Win32.Build.0 = Debug|Win32
		{4F8332D7-5687-4875-813A-A1B7AA479C2D}.Debug|x64.ActiveCfg = Debug|x64
		{4F8332D7-5687-4875-813A-A1B7AA479C2D}.Debug|x64.Build.0 = Debug|x64
		{4F8332D7-5687-4875-813A-A1B7AA479C2D}.Release Dedicated|Win32.ActiveCfg = Release|Win32
		{4F8332D7-5687-4875-813A-A1B7AA479C2D}.Release Dedicated|x64.ActiveCfg = Release|x64
		{4F8332D7-5687-4875-813A-A1B7AA479C2D}.Release|Win32.ActiveCfg = Release|Win32
		{4F8332D7-5687-4875-813A-A1B7AA479C2D}.Release|Win32.Build.0 = Release|Win32
		{4F8332D7-5687-4875-813A-A1B7AA479C2D}.Release|x64.ActiveCfg = Release|x64
		{4F8332D7-5687-4875-813A-A1B7AA479C2D}.Release|x64.Build.0 = Release|x64
		{4C02EEB1-33AA-41C5-9A96-609161DF1635}.Debug Dedicated|Win32.ActiveCfg = Debug|Win32
		{4C02EEB1-33AA-41C5-9A96-609161DF1635}.Debug Dedicated|x64.ActiveCfg = Debug|x64
		{4C02EEB1-33AA-41C5-9A96-609161DF1635}.Debug|Win32.ActiveCfg = Debug|Win32
		{4C02EEB1-33AA-41C5-9A96-609161DF1635}.Debug|Win32.Build.0 = Debug|Win32
		{4C02EEB1-33AA-41C5-9A96-609161DF1635}.Debug|x64.ActiveCfg = Debug|x64
		{4C02EEB1-33AA-41C5-9A96-609161DF1635}.Debug|x64.Build.0 = Debug|x64
		{4C02EEB1-33AA-41C5-9A96-609161DF1635}.Release Dedicated|Win32.ActiveCfg = Release|Win32
		{4C02EEB1-33AA-41C5-9A96-609161DF1635}.Release Dedicated|x64.ActiveCfg = Release|x64
		{4C02EEB1-33AA-41C5-9A96-609161DF1635}.Release|Win32.ActiveCfg = Release|Win32
		{4C02EEB1-33AA-41C5-9A96-609161DF1635}.Release|Win32.Build.0 = Release|Win32
		{4C02EEB1-33AA-41C5-9A96-609161DF1635}.Release|x64.ActiveCfg = Release|x64
		{4C02EEB1-33AA-41C5-9A96-609161DF1635}.Release|x64.Build.0 = Release|x64
		{48033ADD-F9CE-4951-9520-2A86AC61E45B}.Debug Dedicated|Win32.ActiveCfg = Debug|Win32
		{48033ADD-F9CE-4951-9520-2A86AC61E45B}.Debug Dedicated|x64.ActiveCfg = Debug|x64
		{48033ADD-F9CE-4951-9520-2A86AC61E45B}.Debug Dedicated|x64.Build.0 = Debug|x64
		{48033ADD-F9CE-4951-9520-2A86AC61E45B}.Debug|Win32.ActiveCfg = Debug|Win32
		{48033ADD-F9CE-4951-9520-2A86AC61E45B}.Debug|Win32.Build.0 = Debug|Win32
		{48033ADD-F9CE-4951-9520-2A86AC61E45B}.Debug|x64.ActiveCfg = Debug|x64
		{48033ADD-F9CE-4951-9520-2A86AC61E45B}.Debug|x64.Build.0 = Debug|x64
		{48033ADD-F9CE-4951-9520-2A86AC61E45B}.Release Dedicated|Win32.ActiveCfg = Release|Win32
		{48033ADD-F9CE-4951-9520-2A86AC61E45B}.Release Dedicated|x64.ActiveCfg = Release|x64
		{48033ADD-F9CE-4951-9520-2A86AC61E45B}.Release|Win32.ActiveCfg = Release|Win32
		{48033ADD-F9CE-4951-9520-2A86AC61E45B}.Release|Win32.Build.0 = Release|Win32
		{48033ADD-F9CE-4951-9520-2A86AC61E45B}.Release|x64.ActiveCfg = Release|x64
		{48033ADD-F9CE-4951-9520-2A86AC61E45B}.Release|x64.Build.0 = Release|x64
		{6E90EE4B-CEA6-40F3-A5CC-8C96B7EA5F2E}.Debug Dedicated|Win32.ActiveCfg = Debug|Win32
		{6E90EE4B-CEA6-40F3-A5CC-8C96B7EA5F2E}.Debug Dedicated|x64.ActiveCfg = Debug|x64
		{6E90EE4B-CEA6-40F3-A5CC-8C96B7EA5F2E}.Debug Dedicated|x64.Build.0 = Debug|x64
		{6E90EE4B-CEA6-40F3-A5CC-8C96B7EA5F2E}.Debug|Win32.ActiveCfg = Debug|Win32
		{6E90EE4B-CEA6-40F3-A5CC-8C96B7EA5F2E}.Debug|Win32.Build.0 = Debug|Win32
		{6E90EE4B-CEA6-40F3-A5CC-8C96B7EA5F2E}.Debug|x64.ActiveCfg = Debug|x64
		{6E90EE4B-CEA6-40F3-A5CC-8C96B7EA5F2E}.Debug|x64.Build.0 = Debug|x64
		{6E90EE4B-CEA6-40F3-A5CC-8C96B7EA5F2E}.Release Dedicated|Win32.ActiveCfg = Release|Win32
		{6E90EE4B-CEA6-40F3-A5CC-8C96B7EA5F2E}.Release Dedicated|x64.ActiveCfg = Release|x64
		{6E90EE4B-CEA6-40F3-A5CC-8C96B7EA5F2E}.Release|Win32.ActiveCfg = Release|Win32
		{6E90EE4B-CEA6-40F3-A5CC-8C96B7EA5F2E}.Release|Win32.Build.0 = Release|Win32
		{6E90EE4B-CEA6-40F3-A5CC-8C96B7EA5F2E}.Release|x64.ActiveCfg = Release|x64
		{6E90EE4B-CEA6-40F3-A5CC-8C96B7EA5F2E}.Release|x64.Build.0 = Release|x64
		{75976B8A-6A6C-4CB9-B953-8633BD61181B}.Debug Dedicated|Win32.ActiveCfg = Debug|Win32
		{75976B8A-6A6C-4CB9-B953-8633BD61181B}.Debug Dedicated|x64.ActiveCfg = Debug|x64
		{75976B8A-6A6C-4CB9-B953-8633BD61181B}.Debug|Win32.ActiveCfg = Debug|Win32
		{75976B8A-6A6C-4CB9-B953-8633BD61181B}.Debug|Win32.Build.0 = Debug|Win32
		{75976B8A-6A6C-4CB9-B953-8633BD61181B}.Debug|x64.ActiveCfg = Debug|x64
		{75976B8A-6A6C-4CB9-B953-8633BD61181B}.Debug|x64.Build.0 = Debug|x64
		{75976B8A-6A6C-4CB9-B953-8633BD61181B}.Release Dedicated|Win32.ActiveCfg = Release|Win32
		{75976B8A-6A6C-4CB9-B953-8633BD61181B}.Release Dedicated|x64.ActiveCfg = Release|x64
		{75976B8A-6A6C-4CB9-B953-8633BD61181B}.Release|Win32.ActiveCfg = Release|Win32
		{75976B8A-6A6C-4CB9-B953-8633BD61181B}.Release|Win32.Build.0 = Release|Win32
		{75976B8A-6A6C-4CB9-B953-8633BD61181B}.Release|x64.ActiveCfg = Release|x64
		{75976B8A-6A6C-4CB9-B953-8633BD61181B}.Release|x64.Build.0 = Release|x64
		{C878E295-CB82-4B40-8ECF-5CE5525466FA}.Debug Dedicated|Win32.ActiveCfg = Debug|Win32
		{C878E295-CB82-4B40-8ECF-5CE5525466FA}.Debug Dedicated|x64.ActiveCfg = Debug|x64
		{C878E295-CB82-4B40-8ECF-5CE5525466FA}.Debug Dedicated|x64.Build.0 = Debug|x64
		{C878E295-CB82-4B40-8ECF-5CE5525466FA}.Debug|Win32.ActiveCfg = Debug|Win32
		{C878E295-CB82-4B40-8ECF-5CE5525466FA}.Debug|Win32.Build.0 = Debug|Win32
		{C878E295-CB82-4B40-8ECF-5CE5525466FA}.Debug|x64.ActiveCfg = Debug|x64
		{C878E295-CB82-4B40-8ECF-5CE5525466FA}.Debug|x64.Build.0 = Debug|x64
		{C878E295-CB82-4B40-8ECF-5CE5525466FA}.Release Dedicated|Win32.ActiveCfg = Release|Win32
		{C878E295-CB82-4B40-8ECF-5CE5525466FA}.Release Dedicated|x64.ActiveCfg = Release|x64
		{C878E295-CB82-4B40-8ECF-5CE5525466FA}.Release|Win32.ActiveCfg = Release|Win32
		{C878E295-CB82-4B40-8ECF-5CE5525466FA}.Release|Win32.Build.0 = Release|Win32
		{C878E295-CB82-4B40-8ECF-5CE5525466FA}.Release|x64.ActiveCfg = Release|x64
		{C878E295-CB82-4B40-8ECF-5CE5525466FA}.Release|x64.Build.0 = Release|x64
		{F9EE10DA-2404-4154-B904-F93C936C040A}.Debug Dedicated|Win32.ActiveCfg = Debug|Win32
		{F9EE10DA-2404-4154-B904-F93C936C040A}.Debug Dedicated|x64.ActiveCfg = Debug|x64
		{F9EE10DA-2404-4154-B904-F93C936C040A}.Debug Dedicated|x64.Build.0 = Debug|x64
		{F9EE10DA-2404-4154-B904-F93C936C040A}.Debug|Win32.ActiveCfg = Debug|Win32
		{F9EE10DA-2404-4154-B904-F93C936C040A}.Debug|Win32.Build.0 = Debug|Win32
		{F9EE10DA-2404-4154-B904-F93C936C040A}.Debug|x64.ActiveCfg = Debug|x64
		{F9EE10DA-2404-4154-B904-F93C936C040A}.Debug|x64.Build.0 = Debug|x64
		{F9EE10DA-2404-4154-B904-F93C936C040A}.Release Dedicated|Win32.ActiveCfg = Release|Win32
		{F9EE10DA-2404-4154-B904-F93C936C040A}.Release Dedicated|x64.ActiveCfg = Release|x64
		{F9EE10DA-2404-4154-B904-F93C936C040A}.Release|Win32.ActiveCfg = Release|Win32
		{F9EE10DA-2404-4154-B904-F93C936C040A}.Release|Win32.Build.0 = Release|Win32
		{F9EE10DA-2404-4154-B904-F93C936C040A}.Release|x64.ActiveCfg = Release|x64
		{F9EE10DA-2404-4154-B904-F93C936C040A}.Release|x64.Build.0 = Release|x64
		{D454C4C7-7765-4149-ABAD-05FDEB9D94F8}.Debug Dedicated|Win32.ActiveCfg = Debug|Win32
		{D454C4C7-7765-4149-ABAD-05FDEB9D94F8}.Debug Dedicated|x64.ActiveCfg = Debug|x64
		{D454C4C7-7765-4149-ABAD-05FDEB9D94F8}.Debug|Win32.ActiveCfg = Debug|Win32
		{D454C4C7-7765-4149-ABAD-05FDEB9D94F8}.Debug|Win32.Build.0 = Debug|Win32
		{D454C4C7-7765-4149-ABAD-05FDEB9D94F8}.Debug|x64.ActiveCfg = Debug|x64
		{D454C4C7-7765-4149-ABAD-05FDEB9D94F8}.Debug|x64.Build.0 = Debug|x64
		{D454C4C7-7765-4149-ABAD-05FDEB9D94F8}.Release Dedicated|Win32.ActiveCfg = Release|Win32
		{D454C4C7-7765-4149-ABAD-05FDEB9D94F8}.Release Dedicated|x64.ActiveCfg = Release|x64
		{D454C4C7-7765-4149-ABAD-05FDEB9D94F8}.Release|Win32.ActiveCfg = Release|Win32
		{D454C4C7-7765-4149-ABAD-05FDEB9D94F8}.Release|Win32.Build.0 = Release|Win32
		{D454C4C7-7765-4149-ABAD-05FDEB9D94F8}.Release|x64.ActiveCfg = Release|x64
		{D454C4C7-7765-4149-ABAD-05FDEB9D94F8}.Release|x64.Build.0 = Release|x64
	EndGlobalSection
	GlobalSection(SolutionProperties) = preSolution
		HideSolutionNode = FALSE
	EndGlobalSection
	GlobalSection(NestedProjects) = preSolution
		{B604B554-38D6-4BC8-9F7F-D6BC8719A653} = {82A5BFC3-148E-44BA-B3D1-0BF97DC11E19}
		{EFA65954-05A8-43C4-B4FE-FAFE8E678AB7} = {82A5BFC3-148E-44BA-B3D1-0BF97DC11E19}
		{26EFB790-E3D6-436F-A7FC-36B9A00240D1} = {82A5BFC3-148E-44BA-B3D1-0BF97DC11E19}
		{81CE8DAF-EBB2-4761-8E45-B71ABCCA8C68} = {19015845-C78A-430B-BD2A-E864DC1C285A}
		{DA956FD3-E142-46F2-9DD5-C78BEBB56B7A} = {19015845-C78A-430B-BD2A-E864DC1C285A}
		{583B8B2E-E56E-4A63-8697-0942C654AC5F} = {19015845-C78A-430B-BD2A-E864DC1C285A}
		{A78CE356-910C-4C0E-886D-5E3F09F40082} = {4A545240-63A6-4A70-934A-93A50762BD4B}
		{7906CC4F-E230-4049-A3EF-EA7F64E73DDE} = {4A545240-63A6-4A70-934A-93A50762BD4B}
		{52E7FCDB-F1FA-40F3-9EFA-3829D93E4106} = {8167C31B-DFE2-46EB-AC47-AF725E19BBE9}
		{8ACC1AB8-EBBF-438C-AEE7-B5E211615FED} = {8167C31B-DFE2-46EB-AC47-AF725E19BBE9}
		{B21C759E-596A-4C10-B0AF-C0CA7430C9E1} = {8167C31B-DFE2-46EB-AC47-AF725E19BBE9}
		{A596DC61-F285-264E-AF49-24D6360F25B0} = {79E077A7-DE41-4045-96DA-30D9AFDD92FB}
		{49F16AE1-8677-4ECE-A882-DC6BBC73C44E} = {79E077A7-DE41-4045-96DA-30D9AFDD92FB}
		{48033ADD-F9CE-4951-9520-2A86AC61E45B} = {52E7FCDB-F1FA-40F3-9EFA-3829D93E4106}
		{6E90EE4B-CEA6-40F3-A5CC-8C96B7EA5F2E} = {52E7FCDB-F1FA-40F3-9EFA-3829D93E4106}
		{75976B8A-6A6C-4CB9-B953-8633BD61181B} = {52E7FCDB-F1FA-40F3-9EFA-3829D93E4106}
		{C878E295-CB82-4B40-8ECF-5CE5525466FA} = {8ACC1AB8-EBBF-438C-AEE7-B5E211615FED}
		{F9EE10DA-2404-4154-B904-F93C936C040A} = {8ACC1AB8-EBBF-438C-AEE7-B5E211615FED}
		{D454C4C7-7765-4149-ABAD-05FDEB9D94F8} = {8ACC1AB8-EBBF-438C-AEE7-B5E211615FED}
		{68A804FC-00C3-44E2-A479-3DB3D20F943D} = {B21C759E-596A-4C10-B0AF-C0CA7430C9E1}
		{4F8332D7-5687-4875-813A-A1B7AA479C2D} = {B21C759E-596A-4C10-B0AF-C0CA7430C9E1}
		{4C02EEB1-33AA-41C5-9A96-609161DF1635} = {B21C759E-596A-4C10-B0AF-C0CA7430C9E1}
	EndGlobalSection
EndGlobal
