<?xml version="1.0" encoding="utf-8"?>
<Project ToolsVersion="4.0" xmlns="http://schemas.microsoft.com/developer/msbuild/2003">
  <ItemGroup>
    <Filter Include="Header Files">
      <UniqueIdentifier>{4c89945e-243c-4dc0-a181-678f3ed97198}</UniqueIdentifier>
      <Extensions>h;hpp;hxx;hm;inl;fi;fd</Extensions>
    </Filter>
    <Filter Include="main">
      <UniqueIdentifier>{7b0b64e8-4593-4846-83ba-6f31b9d369d8}</UniqueIdentifier>
    </Filter>
    <Filter Include="main\ui">
      <UniqueIdentifier>{5ea3b017-6857-4adc-a083-62a3d3da66c9}</UniqueIdentifier>
    </Filter>
    <Filter Include="main\scripts">
      <UniqueIdentifier>{c075986d-d31f-4263-be9d-1ac391e15cca}</UniqueIdentifier>
    </Filter>
    <Filter Include="download">
      <UniqueIdentifier>{ce19da42-1e46-416d-9ffa-22a91dd418b0}</UniqueIdentifier>
    </Filter>
    <Filter Include="Resource Files">
      <UniqueIdentifier>{7bf922f2-cc66-4311-a318-9edd22426969}</UniqueIdentifier>
    </Filter>
    <Filter Include="libs">
      <UniqueIdentifier>{f25fdf5a-3030-419b-b87c-a09be014f100}</UniqueIdentifier>
    </Filter>
    <Filter Include="libs\Newton">
      <UniqueIdentifier>{db53e288-bca5-47bb-a16a-1e911b97ea89}</UniqueIdentifier>
    </Filter>
    <Filter Include="libs\Newton\dContainers">
      <UniqueIdentifier>{ef899b7f-4921-4cfe-a42c-1f46da3b7be9}</UniqueIdentifier>
    </Filter>
    <Filter Include="libs\Newton\dMath">
      <UniqueIdentifier>{4b31b657-b542-4873-8c7b-b2c0cf758a5f}</UniqueIdentifier>
    </Filter>
    <Filter Include="libs\Newton\dContainers\Header Files">
      <UniqueIdentifier>{595aea60-2f66-4e53-9d27-7df54408b87e}</UniqueIdentifier>
    </Filter>
    <Filter Include="libs\Newton\dContainers\Source Files">
      <UniqueIdentifier>{c3d65011-0ca1-4d49-a1c0-620ac3bfe0e6}</UniqueIdentifier>
    </Filter>
    <Filter Include="libs\Newton\dMath\Header Files">
      <UniqueIdentifier>{318b9ef7-b41b-4509-95f1-50fe88195d63}</UniqueIdentifier>
    </Filter>
    <Filter Include="libs\Newton\dMath\Source Files">
      <UniqueIdentifier>{35ea9957-d9b9-4a99-8dcc-989fa896d7fb}</UniqueIdentifier>
    </Filter>
    <Filter Include="Source Files">
      <UniqueIdentifier>{ecd2925d-543e-4c50-b82c-3716f9649bab}</UniqueIdentifier>
      <Extensions>cpp;c;cxx;rc;def;r;odl;hpj;bat;for;f90</Extensions>
    </Filter>
    <Filter Include="libs\Nettle">
      <UniqueIdentifier>{16d48670-7bc1-4b64-936b-45f6967d26f2}</UniqueIdentifier>
    </Filter>
    <Filter Include="libs\Nettle\Source Files">
      <UniqueIdentifier>{2e422aad-249c-4606-abf2-c76e86d9095e}</UniqueIdentifier>
    </Filter>
    <Filter Include="libs\Nettle\Header Files">
      <UniqueIdentifier>{88708243-5a8b-49d8-aa2a-c3e91ef2cef7}</UniqueIdentifier>
    </Filter>
    <Filter Include="libs\GMP">
      <UniqueIdentifier>{38872ad7-7f86-431e-b2df-cbf3f6d15ea8}</UniqueIdentifier>
    </Filter>
    <Filter Include="libs\GMP\Header Files">
      <UniqueIdentifier>{a6e49cd3-6c48-414c-bef8-53e08024929a}</UniqueIdentifier>
    </Filter>
    <Filter Include="libs\Speex">
      <UniqueIdentifier>{3dd61936-12bc-4ef7-ada2-d03bfccebc21}</UniqueIdentifier>
    </Filter>
    <Filter Include="libs\Speex\Source Files">
      <UniqueIdentifier>{8e1bd649-4fb4-4660-90a4-eafdabe79f5e}</UniqueIdentifier>
    </Filter>
    <Filter Include="libs\Speex\Header Files">
      <UniqueIdentifier>{0ac26362-b3b8-4d0a-9869-5bcde31d1601}</UniqueIdentifier>
    </Filter>
  </ItemGroup>
  <ItemGroup>
    <ClCompile Include="client\cl_avi.c">
      <Filter>Source Files</Filter>
    </ClCompile>
    <ClCompile Include="client\cl_cgame.c">
      <Filter>Source Files</Filter>
    </ClCompile>
    <ClCompile Include="client\cl_cin.c">
      <Filter>Source Files</Filter>
    </ClCompile>
    <ClCompile Include="client\cl_console.c">
      <Filter>Source Files</Filter>
    </ClCompile>
    <ClCompile Include="client\cl_input.c">
      <Filter>Source Files</Filter>
    </ClCompile>
    <ClCompile Include="client\cl_keys.c">
      <Filter>Source Files</Filter>
    </ClCompile>
    <ClCompile Include="client\cl_main.c">
      <Filter>Source Files</Filter>
    </ClCompile>
    <ClCompile Include="client\cl_net_chan.c">
      <Filter>Source Files</Filter>
    </ClCompile>
    <ClCompile Include="client\cl_parse.c">
      <Filter>Source Files</Filter>
    </ClCompile>
    <ClCompile Include="client\cl_scrn.c">
      <Filter>Source Files</Filter>
    </ClCompile>
    <ClCompile Include="client\cl_ui.c">
      <Filter>Source Files</Filter>
    </ClCompile>
    <ClCompile Include="qcommon\cm_load.c">
      <Filter>Source Files</Filter>
    </ClCompile>
    <ClCompile Include="qcommon\cm_patch.c">
      <Filter>Source Files</Filter>
    </ClCompile>
    <ClCompile Include="qcommon\cm_polylib.c">
      <Filter>Source Files</Filter>
    </ClCompile>
    <ClCompile Include="qcommon\cm_test.c">
      <Filter>Source Files</Filter>
    </ClCompile>
    <ClCompile Include="qcommon\cm_trace.c">
      <Filter>Source Files</Filter>
    </ClCompile>
    <ClCompile Include="qcommon\cmd.c">
      <Filter>Source Files</Filter>
    </ClCompile>
    <ClCompile Include="qcommon\common.c">
      <Filter>Source Files</Filter>
    </ClCompile>
    <ClCompile Include="qcommon\cvar.c">
      <Filter>Source Files</Filter>
    </ClCompile>
    <ClCompile Include="qcommon\files.c">
      <Filter>Source Files</Filter>
    </ClCompile>
    <ClCompile Include="qcommon\huffman.c">
      <Filter>Source Files</Filter>
    </ClCompile>
    <ClCompile Include="qcommon\md4.c">
      <Filter>Source Files</Filter>
    </ClCompile>
    <ClCompile Include="qcommon\msg.c">
      <Filter>Source Files</Filter>
    </ClCompile>
    <ClCompile Include="qcommon\net_chan.c">
      <Filter>Source Files</Filter>
    </ClCompile>
    <ClCompile Include="null\null_client.c">
      <Filter>Source Files</Filter>
    </ClCompile>
    <ClCompile Include="null\null_input.c">
      <Filter>Source Files</Filter>
    </ClCompile>
    <ClCompile Include="null\null_snddma.c">
      <Filter>Source Files</Filter>
    </ClCompile>
    <ClCompile Include="server\sv_bot.c">
      <Filter>Source Files</Filter>
    </ClCompile>
    <ClCompile Include="server\sv_ccmds.c">
      <Filter>Source Files</Filter>
    </ClCompile>
    <ClCompile Include="server\sv_client.c">
      <Filter>Source Files</Filter>
    </ClCompile>
    <ClCompile Include="server\sv_game.c">
      <Filter>Source Files</Filter>
    </ClCompile>
    <ClCompile Include="server\sv_init.c">
      <Filter>Source Files</Filter>
    </ClCompile>
    <ClCompile Include="server\sv_main.c">
      <Filter>Source Files</Filter>
    </ClCompile>
    <ClCompile Include="server\sv_net_chan.c">
      <Filter>Source Files</Filter>
    </ClCompile>
    <ClCompile Include="server\sv_snapshot.c">
      <Filter>Source Files</Filter>
    </ClCompile>
    <ClCompile Include="server\sv_world.c">
      <Filter>Source Files</Filter>
    </ClCompile>
    <ClCompile Include="qcommon\unzip.c">
      <Filter>Source Files</Filter>
    </ClCompile>
    <ClCompile Include="qcommon\vm.c">
      <Filter>Source Files</Filter>
    </ClCompile>
    <ClCompile Include="qcommon\vm_interpreted.c">
      <Filter>Source Files</Filter>
    </ClCompile>
    <ClCompile Include="qcommon\vm_x86.c">
      <Filter>Source Files</Filter>
    </ClCompile>
    <ClCompile Include="qcommon\dl_main.c">
      <Filter>download</Filter>
    </ClCompile>
    <ClCompile Include="qcommon\dl_main_curl.c">
      <Filter>download</Filter>
    </ClCompile>
    <ClCompile Include="qcommon\dl_main_stubs.c">
      <Filter>download</Filter>
    </ClCompile>
    <ClCompile Include="qcommon\net_ip.c">
      <Filter>Source Files</Filter>
    </ClCompile>
    <ClCompile Include="qcommon\md5.c">
      <Filter>Source Files</Filter>
    </ClCompile>
    <ClCompile Include="client\cin_ogm.c">
      <Filter>Source Files</Filter>
    </ClCompile>
    <ClCompile Include="database\db_main.c">
      <Filter>Source Files</Filter>
    </ClCompile>
    <ClCompile Include="database\db_mysql.c">
      <Filter>Source Files</Filter>
    </ClCompile>
    <ClCompile Include="client\libmumblelink.c">
      <Filter>Source Files</Filter>
    </ClCompile>
    <ClCompile Include="sys\con_log.c">
      <Filter>Source Files</Filter>
    </ClCompile>
    <ClCompile Include="sys\con_win32.c">
      <Filter>Source Files</Filter>
    </ClCompile>
    <ClCompile Include="sys\sdl_input.c">
      <Filter>Source Files</Filter>
    </ClCompile>
    <ClCompile Include="sys\sdl_snd.c">
      <Filter>Source Files</Filter>
    </ClCompile>
    <ClCompile Include="sys\sys_main.c">
      <Filter>Source Files</Filter>
    </ClCompile>
    <ClCompile Include="sys\sys_win32.c">
      <Filter>Source Files</Filter>
    </ClCompile>
    <ClCompile Include="qcommon\cm_physics.cpp">
      <Filter>Source Files</Filter>
    </ClCompile>
    <ClCompile Include="qcommon\ioapi.c">
      <Filter>Source Files</Filter>
    </ClCompile>
    <ClCompile Include="qcommon\vm_llvm.cpp">
      <Filter>Source Files</Filter>
    </ClCompile>
    <ClCompile Include="sys\sys_sysinfo.c">
      <Filter>Source Files</Filter>
    </ClCompile>
    <ClCompile Include="client\cl_irc.c">
      <Filter>Source Files</Filter>
    </ClCompile>
    <ClCompile Include="qcommon\htable.c">
      <Filter>Source Files</Filter>
    </ClCompile>
    <ClCompile Include="sys\sys_win32_con.c">
      <Filter>Source Files</Filter>
    </ClCompile>
    <ClCompile Include="sys\sys_win32_eh.cpp">
      <Filter>Source Files</Filter>
    </ClCompile>
    <ClCompile Include="qcommon\parse.c">
      <Filter>Source Files</Filter>
    </ClCompile>
    <ClCompile Include="qcommon\q_math.c">
      <Filter>Source Files</Filter>
    </ClCompile>
    <ClCompile Include="qcommon\q_shared.c">
      <Filter>Source Files</Filter>
    </ClCompile>
    <ClCompile Include="qcommon\cm_trisoup.c">
      <Filter>Source Files</Filter>
    </ClCompile>
    <ClCompile Include="..\libs\libnewton\include\dMath\dVector.cpp">
      <Filter>libs\Newton\dMath\Source Files</Filter>
    </ClCompile>
    <ClCompile Include="..\libs\libnewton\include\dMath\dMathDefines.cpp">
      <Filter>libs\Newton\dMath\Source Files</Filter>
    </ClCompile>
    <ClCompile Include="..\libs\libnewton\include\dMath\dMatrix.cpp">
      <Filter>libs\Newton\dMath\Source Files</Filter>
    </ClCompile>
    <ClCompile Include="..\libs\libnewton\include\dMath\dQuaternion.cpp">
      <Filter>libs\Newton\dMath\Source Files</Filter>
    </ClCompile>
    <ClCompile Include="..\libs\libnewton\include\dMath\dStdAfxMath.cpp">
      <Filter>libs\Newton\dMath\Source Files</Filter>
    </ClCompile>
    <ClCompile Include="..\libs\libnewton\include\dContainers\dBaseHierarchy.cpp">
      <Filter>libs\Newton\dContainers\Source Files</Filter>
    </ClCompile>
    <ClCompile Include="..\libs\libnewton\include\dContainers\dContainersStdAfx.cpp">
      <Filter>libs\Newton\dContainers\Source Files</Filter>
    </ClCompile>
    <ClCompile Include="..\libs\libnewton\include\dContainers\dCRC.cpp">
      <Filter>libs\Newton\dContainers\Source Files</Filter>
    </ClCompile>
    <ClCompile Include="..\libs\libnewton\include\dContainers\dRefCounter.cpp">
      <Filter>libs\Newton\dContainers\Source Files</Filter>
    </ClCompile>
    <ClCompile Include="..\libs\libnewton\include\dContainers\dTree.cpp">
      <Filter>libs\Newton\dContainers\Source Files</Filter>
    </ClCompile>
    <ClCompile Include="client\snd_adpcm.c">
      <Filter>Source Files</Filter>
    </ClCompile>
    <ClCompile Include="client\snd_codec.c">
      <Filter>Source Files</Filter>
    </ClCompile>
    <ClCompile Include="client\snd_codec_ogg.c">
      <Filter>Source Files</Filter>
    </ClCompile>
    <ClCompile Include="client\snd_codec_wav.c">
      <Filter>Source Files</Filter>
    </ClCompile>
    <ClCompile Include="client\snd_dma.c">
      <Filter>Source Files</Filter>
    </ClCompile>
    <ClCompile Include="client\snd_load.c">
      <Filter>Source Files</Filter>
    </ClCompile>
    <ClCompile Include="client\snd_mem.c">
      <Filter>Source Files</Filter>
    </ClCompile>
    <ClCompile Include="client\snd_mix.c">
      <Filter>Source Files</Filter>
    </ClCompile>
    <ClCompile Include="client\snd_wavelet.c">
      <Filter>Source Files</Filter>
    </ClCompile>
    <ClCompile Include="..\libs\nettle\nettle\bignum.c">
      <Filter>libs\Nettle\Source Files</Filter>
    </ClCompile>
    <ClCompile Include="..\libs\nettle\nettle\bignum-random.c">
      <Filter>libs\Nettle\Source Files</Filter>
    </ClCompile>
    <ClCompile Include="..\libs\nettle\nettle\nettle-buffer.c">
      <Filter>libs\Nettle\Source Files</Filter>
    </ClCompile>
    <ClCompile Include="..\libs\nettle\nettle\rsa.c">
      <Filter>libs\Nettle\Source Files</Filter>
    </ClCompile>
    <ClCompile Include="..\libs\nettle\nettle\rsa2sexp.c">
      <Filter>libs\Nettle\Source Files</Filter>
    </ClCompile>
    <ClCompile Include="..\libs\nettle\nettle\rsa-decrypt.c">
      <Filter>libs\Nettle\Source Files</Filter>
    </ClCompile>
    <ClCompile Include="..\libs\nettle\nettle\rsa-encrypt.c">
      <Filter>libs\Nettle\Source Files</Filter>
    </ClCompile>
    <ClCompile Include="..\libs\nettle\nettle\rsa-keygen.c">
      <Filter>libs\Nettle\Source Files</Filter>
    </ClCompile>
    <ClCompile Include="..\libs\nettle\nettle\rsa-sign.c">
      <Filter>libs\Nettle\Source Files</Filter>
    </ClCompile>
    <ClCompile Include="..\libs\nettle\nettle\sexp.c">
      <Filter>libs\Nettle\Source Files</Filter>
    </ClCompile>
    <ClCompile Include="..\libs\nettle\nettle\sexp2bignum.c">
      <Filter>libs\Nettle\Source Files</Filter>
    </ClCompile>
    <ClCompile Include="..\libs\nettle\nettle\sexp2rsa.c">
      <Filter>libs\Nettle\Source Files</Filter>
    </ClCompile>
    <ClCompile Include="..\libs\nettle\nettle\sexp-format.c">
      <Filter>libs\Nettle\Source Files</Filter>
    </ClCompile>
    <ClCompile Include="qcommon\crypto.c">
      <Filter>Source Files</Filter>
    </ClCompile>
    <ClCompile Include="..\libs\libspeex\libspeex\bits.c">
      <Filter>libs\Speex\Source Files</Filter>
    </ClCompile>
    <ClCompile Include="..\libs\libspeex\libspeex\window.c">
      <Filter>libs\Speex\Source Files</Filter>
    </ClCompile>
    <ClCompile Include="..\libs\libspeex\libspeex\buffer.c">
      <Filter>libs\Speex\Source Files</Filter>
    </ClCompile>
    <ClCompile Include="..\libs\libspeex\libspeex\cb_search.c">
      <Filter>libs\Speex\Source Files</Filter>
    </ClCompile>
    <ClCompile Include="..\libs\libspeex\libspeex\exc_10_16_table.c">
      <Filter>libs\Speex\Source Files</Filter>
    </ClCompile>
    <ClCompile Include="..\libs\libspeex\libspeex\exc_10_32_table.c">
      <Filter>libs\Speex\Source Files</Filter>
    </ClCompile>
    <ClCompile Include="..\libs\libspeex\libspeex\exc_20_32_table.c">
      <Filter>libs\Speex\Source Files</Filter>
    </ClCompile>
    <ClCompile Include="..\libs\libspeex\libspeex\exc_5_256_table.c">
      <Filter>libs\Speex\Source Files</Filter>
    </ClCompile>
    <ClCompile Include="..\libs\libspeex\libspeex\exc_5_64_table.c">
      <Filter>libs\Speex\Source Files</Filter>
    </ClCompile>
    <ClCompile Include="..\libs\libspeex\libspeex\exc_8_128_table.c">
      <Filter>libs\Speex\Source Files</Filter>
    </ClCompile>
    <ClCompile Include="..\libs\libspeex\libspeex\fftwrap.c">
      <Filter>libs\Speex\Source Files</Filter>
    </ClCompile>
    <ClCompile Include="..\libs\libspeex\libspeex\filterbank.c">
      <Filter>libs\Speex\Source Files</Filter>
    </ClCompile>
    <ClCompile Include="..\libs\libspeex\libspeex\filters.c">
      <Filter>libs\Speex\Source Files</Filter>
    </ClCompile>
    <ClCompile Include="..\libs\libspeex\libspeex\gain_table.c">
      <Filter>libs\Speex\Source Files</Filter>
    </ClCompile>
    <ClCompile Include="..\libs\libspeex\libspeex\gain_table_lbr.c">
      <Filter>libs\Speex\Source Files</Filter>
    </ClCompile>
    <ClCompile Include="..\libs\libspeex\libspeex\hexc_10_32_table.c">
      <Filter>libs\Speex\Source Files</Filter>
    </ClCompile>
    <ClCompile Include="..\libs\libspeex\libspeex\hexc_table.c">
      <Filter>libs\Speex\Source Files</Filter>
    </ClCompile>
    <ClCompile Include="..\libs\libspeex\libspeex\high_lsp_tables.c">
      <Filter>libs\Speex\Source Files</Filter>
    </ClCompile>
    <ClCompile Include="..\libs\libspeex\libspeex\jitter.c">
      <Filter>libs\Speex\Source Files</Filter>
    </ClCompile>
    <ClCompile Include="..\libs\libspeex\libspeex\kiss_fft.c">
      <Filter>libs\Speex\Source Files</Filter>
    </ClCompile>
    <ClCompile Include="..\libs\libspeex\libspeex\kiss_fftr.c">
      <Filter>libs\Speex\Source Files</Filter>
    </ClCompile>
    <ClCompile Include="..\libs\libspeex\libspeex\lpc.c">
      <Filter>libs\Speex\Source Files</Filter>
    </ClCompile>
    <ClCompile Include="..\libs\libspeex\libspeex\lsp.c">
      <Filter>libs\Speex\Source Files</Filter>
    </ClCompile>
    <ClCompile Include="..\libs\libspeex\libspeex\lsp_tables_nb.c">
      <Filter>libs\Speex\Source Files</Filter>
    </ClCompile>
    <ClCompile Include="..\libs\libspeex\libspeex\ltp.c">
      <Filter>libs\Speex\Source Files</Filter>
    </ClCompile>
    <ClCompile Include="..\libs\libspeex\libspeex\mdf.c">
      <Filter>libs\Speex\Source Files</Filter>
    </ClCompile>
    <ClCompile Include="..\libs\libspeex\libspeex\modes.c">
      <Filter>libs\Speex\Source Files</Filter>
    </ClCompile>
    <ClCompile Include="..\libs\libspeex\libspeex\modes_wb.c">
      <Filter>libs\Speex\Source Files</Filter>
    </ClCompile>
    <ClCompile Include="..\libs\libspeex\libspeex\nb_celp.c">
      <Filter>libs\Speex\Source Files</Filter>
    </ClCompile>
    <ClCompile Include="..\libs\libspeex\libspeex\preprocess.c">
      <Filter>libs\Speex\Source Files</Filter>
    </ClCompile>
    <ClCompile Include="..\libs\libspeex\libspeex\quant_lsp.c">
      <Filter>libs\Speex\Source Files</Filter>
    </ClCompile>
    <ClCompile Include="..\libs\libspeex\libspeex\resample.c">
      <Filter>libs\Speex\Source Files</Filter>
    </ClCompile>
    <ClCompile Include="..\libs\libspeex\libspeex\sb_celp.c">
      <Filter>libs\Speex\Source Files</Filter>
    </ClCompile>
    <ClCompile Include="..\libs\libspeex\libspeex\smallft.c">
      <Filter>libs\Speex\Source Files</Filter>
    </ClCompile>
    <ClCompile Include="..\libs\libspeex\libspeex\speex.c">
      <Filter>libs\Speex\Source Files</Filter>
    </ClCompile>
    <ClCompile Include="..\libs\libspeex\libspeex\speex_callbacks.c">
      <Filter>libs\Speex\Source Files</Filter>
    </ClCompile>
    <ClCompile Include="..\libs\libspeex\libspeex\speex_header.c">
      <Filter>libs\Speex\Source Files</Filter>
    </ClCompile>
    <ClCompile Include="..\libs\libspeex\libspeex\stereo.c">
      <Filter>libs\Speex\Source Files</Filter>
    </ClCompile>
    <ClCompile Include="..\libs\libspeex\libspeex\vbr.c">
      <Filter>libs\Speex\Source Files</Filter>
    </ClCompile>
    <ClCompile Include="..\libs\libspeex\libspeex\vq.c">
      <Filter>libs\Speex\Source Files</Filter>
    </ClCompile>
  </ItemGroup>
  <ItemGroup>
    <ClInclude Include="..\..\etmain\src\game\bg_public.h">
      <Filter>Header Files</Filter>
    </ClInclude>
    <ClInclude Include="client\client.h">
      <Filter>Header Files</Filter>
    </ClInclude>
    <ClInclude Include="qcommon\cm_local.h">
      <Filter>Header Files</Filter>
    </ClInclude>
    <ClInclude Include="qcommon\cm_patch.h">
      <Filter>Header Files</Filter>
    </ClInclude>
    <ClInclude Include="qcommon\cm_polylib.h">
      <Filter>Header Files</Filter>
    </ClInclude>
    <ClInclude Include="qcommon\cm_public.h">
      <Filter>Header Files</Filter>
    </ClInclude>
    <ClInclude Include="client\keys.h">
      <Filter>Header Files</Filter>
    </ClInclude>
    <ClInclude Include="qcommon\qcommon.h">
      <Filter>Header Files</Filter>
    </ClInclude>
    <ClInclude Include="qcommon\qfiles.h">
      <Filter>Header Files</Filter>
    </ClInclude>
    <ClInclude Include="server\server.h">
      <Filter>Header Files</Filter>
    </ClInclude>
    <ClInclude Include="qcommon\unzip.h">
      <Filter>Header Files</Filter>
    </ClInclude>
    <ClInclude Include="qcommon\vm_local.h">
      <Filter>Header Files</Filter>
    </ClInclude>
    <ClInclude Include="..\..\etmain\ui\menudef.h">
      <Filter>main\ui</Filter>
    </ClInclude>
    <ClInclude Include="qcommon\dl_local.h">
      <Filter>download</Filter>
    </ClInclude>
    <ClInclude Include="qcommon\dl_public.h">
      <Filter>download</Filter>
    </ClInclude>
    <ClInclude Include="database\database.h">
      <Filter>Header Files</Filter>
    </ClInclude>
    <ClInclude Include="client\libmumblelink.h">
      <Filter>Header Files</Filter>
    </ClInclude>
    <ClInclude Include="sys\sys_loadlib.h">
      <Filter>Header Files</Filter>
    </ClInclude>
    <ClInclude Include="sys\sys_local.h">
      <Filter>Header Files</Filter>
    </ClInclude>
    <ClInclude Include="qcommon\md4.h">
      <Filter>Header Files</Filter>
    </ClInclude>
    <ClInclude Include="qcommon\ioapi.h">
      <Filter>Header Files</Filter>
    </ClInclude>
    <ClInclude Include="qcommon\vm_llvm.h">
      <Filter>Header Files</Filter>
    </ClInclude>
    <ClInclude Include="qcommon\htable.h">
      <Filter>Header Files</Filter>
    </ClInclude>
    <ClInclude Include="..\..\etmain\src\ui\keycodes.h">
      <Filter>Header Files</Filter>
    </ClInclude>
    <ClInclude Include="sys\sys_win32.h">
      <Filter>Header Files</Filter>
    </ClInclude>
    <ClInclude Include="client\ui_api.h">
      <Filter>Header Files</Filter>
    </ClInclude>
    <ClInclude Include="client\cg_api.h">
      <Filter>Header Files</Filter>
    </ClInclude>
    <ClInclude Include="server\g_api.h">
      <Filter>Header Files</Filter>
    </ClInclude>
    <ClInclude Include="qcommon\q_platform.h">
      <Filter>Header Files</Filter>
    </ClInclude>
    <ClInclude Include="..\libs\libnewton\include\Newton.h">
      <Filter>libs\Newton</Filter>
    </ClInclude>
    <ClInclude Include="..\libs\libnewton\include\dMath\dMathDefines.h">
      <Filter>libs\Newton\dMath\Header Files</Filter>
    </ClInclude>
    <ClInclude Include="..\libs\libnewton\include\dMath\dMatrix.h">
      <Filter>libs\Newton\dMath\Header Files</Filter>
    </ClInclude>
    <ClInclude Include="..\libs\libnewton\include\dMath\dQuaternion.h">
      <Filter>libs\Newton\dMath\Header Files</Filter>
    </ClInclude>
    <ClInclude Include="..\libs\libnewton\include\dMath\dStdAfxMath.h">
      <Filter>libs\Newton\dMath\Header Files</Filter>
    </ClInclude>
    <ClInclude Include="..\libs\libnewton\include\dMath\dVector.h">
      <Filter>libs\Newton\dMath\Header Files</Filter>
    </ClInclude>
    <ClInclude Include="..\libs\libnewton\include\dContainers\dBaseHierarchy.h">
      <Filter>libs\Newton\dContainers\Header Files</Filter>
    </ClInclude>
    <ClInclude Include="..\libs\libnewton\include\dContainers\dContainersStdAfx.h">
      <Filter>libs\Newton\dContainers\Header Files</Filter>
    </ClInclude>
    <ClInclude Include="..\libs\libnewton\include\dContainers\dCRC.h">
      <Filter>libs\Newton\dContainers\Header Files</Filter>
    </ClInclude>
    <ClInclude Include="..\libs\libnewton\include\dContainers\dList.h">
      <Filter>libs\Newton\dContainers\Header Files</Filter>
    </ClInclude>
    <ClInclude Include="..\libs\libnewton\include\dContainers\dRefCounter.h">
      <Filter>libs\Newton\dContainers\Header Files</Filter>
    </ClInclude>
    <ClInclude Include="..\libs\libnewton\include\dContainers\dTree.h">
      <Filter>libs\Newton\dContainers\Header Files</Filter>
    </ClInclude>
    <ClInclude Include="client\snd_api.h">
      <Filter>Header Files</Filter>
    </ClInclude>
    <ClInclude Include="client\snd_codec.h">
      <Filter>Header Files</Filter>
    </ClInclude>
    <ClInclude Include="client\snd_local.h">
      <Filter>Header Files</Filter>
    </ClInclude>
    <ClInclude Include="client\snd_public.h">
      <Filter>Header Files</Filter>
    </ClInclude>
    <ClInclude Include="qcommon\q_shared.h">
      <Filter>Header Files</Filter>
    </ClInclude>
    <ClInclude Include="..\gamelogic\etmain\src\game\botlib.h">
      <Filter>Header Files</Filter>
    </ClInclude>
    <ClInclude Include="..\gamelogic\etmain\src\botai\botai.h">
      <Filter>Header Files</Filter>
    </ClInclude>
    <ClInclude Include="..\libs\nettle\nettle\bignum.h">
      <Filter>libs\Nettle\Header Files</Filter>
    </ClInclude>
    <ClInclude Include="..\libs\nettle\nettle\rsa.h">
      <Filter>libs\Nettle\Header Files</Filter>
    </ClInclude>
    <ClInclude Include="..\libs\nettle\nettle\sexp.h">
      <Filter>libs\Nettle\Header Files</Filter>
    </ClInclude>
    <ClInclude Include="qcommon\crypto.h">
      <Filter>Header Files</Filter>
    </ClInclude>
    <ClInclude Include="..\libs\nettle\nettle\buffer.h">
      <Filter>libs\Nettle\Header Files</Filter>
    </ClInclude>
    <ClInclude Include="..\libs\gmp\include\gmp.h">
      <Filter>libs\GMP\Header Files</Filter>
    </ClInclude>
    <ClInclude Include="..\libs\libspeex\libspeex\config.h">
      <Filter>libs\Speex\Header Files</Filter>
    </ClInclude>
    <ClInclude Include="qcommon\surfaceflags.h">
      <Filter>Header Files</Filter>
    </ClInclude>
  </ItemGroup>
  <ItemGroup>
    <None Include="..\..\etmain\ui\addfilter.menu">
      <Filter>main\ui</Filter>
    </None>
    <None Include="..\..\etmain\ui\bookp.menu">
      <Filter>main\ui</Filter>
    </None>
    <None Include="..\..\etmain\ui\bookv.menu">
      <Filter>main\ui</Filter>
    </None>
    <None Include="..\..\etmain\ui\bookz.menu">
      <Filter>main\ui</Filter>
    </None>
    <None Include="..\..\etmain\ui\cdkey.menu">
      <Filter>main\ui</Filter>
    </None>
    <None Include="..\..\etmain\ui\cinematicmenu.menu">
      <Filter>main\ui</Filter>
    </None>
    <None Include="..\..\etmain\ui\clipboard.menu">
      <Filter>main\ui</Filter>
    </None>
    <None Include="..\..\etmain\ui\connect.menu">
      <Filter>main\ui</Filter>
    </None>
    <None Include="..\..\etmain\ui\controls.menu">
      <Filter>main\ui</Filter>
    </None>
    <None Include="..\..\etmain\ui\createfavorite.menu">
      <Filter>main\ui</Filter>
    </None>
    <None Include="..\..\etmain\ui\createserver.menu">
      <Filter>main\ui</Filter>
    </None>
    <None Include="..\..\etmain\ui\credit.menu">
      <Filter>main\ui</Filter>
    </None>
    <None Include="..\..\etmain\ui\default.menu">
      <Filter>main\ui</Filter>
    </None>
    <None Include="..\..\etmain\ui\demo.menu">
      <Filter>main\ui</Filter>
    </None>
    <None Include="..\..\etmain\ui\demo_quit.menu">
      <Filter>main\ui</Filter>
    </None>
    <None Include="..\..\etmain\ui\endofgame.menu">
      <Filter>main\ui</Filter>
    </None>
    <None Include="..\..\etmain\ui\error.menu">
      <Filter>main\ui</Filter>
    </None>
    <None Include="..\..\etmain\ui\fight.menu">
      <Filter>main\ui</Filter>
    </None>
    <None Include="..\..\etmain\ui\findplayer.menu">
      <Filter>main\ui</Filter>
    </None>
    <None Include="..\..\etmain\ui\help.menu">
      <Filter>main\ui</Filter>
    </None>
    <None Include="..\..\etmain\ui\hud.menu">
      <Filter>main\ui</Filter>
    </None>
    <None Include="..\..\etmain\ui\hud.txt">
      <Filter>main\ui</Filter>
    </None>
    <None Include="..\..\etmain\ui\ingame.menu">
      <Filter>main\ui</Filter>
    </None>
    <None Include="..\..\etmain\ui\ingame.txt">
      <Filter>main\ui</Filter>
    </None>
    <None Include="..\..\etmain\ui\ingame_about.menu">
      <Filter>main\ui</Filter>
    </None>
    <None Include="..\..\etmain\ui\ingame_addbot.menu">
      <Filter>main\ui</Filter>
    </None>
    <None Include="..\..\etmain\ui\ingame_callvote.menu">
      <Filter>main\ui</Filter>
    </None>
    <None Include="..\..\etmain\ui\ingame_controls.menu">
      <Filter>main\ui</Filter>
    </None>
    <None Include="..\..\etmain\ui\ingame_help.menu">
      <Filter>main\ui</Filter>
    </None>
    <None Include="..\..\etmain\ui\ingame_join.menu">
      <Filter>main\ui</Filter>
    </None>
    <None Include="..\..\etmain\ui\ingame_leave.menu">
      <Filter>main\ui</Filter>
    </None>
    <None Include="..\..\etmain\ui\ingame_loadsave.menu">
      <Filter>main\ui</Filter>
    </None>
    <None Include="..\..\etmain\ui\ingame_options.menu">
      <Filter>main\ui</Filter>
    </None>
    <None Include="..\..\etmain\ui\ingame_orders.menu">
      <Filter>main\ui</Filter>
    </None>
    <None Include="..\..\etmain\ui\ingame_player.menu">
      <Filter>main\ui</Filter>
    </None>
    <None Include="..\..\etmain\ui\ingame_system.menu">
      <Filter>main\ui</Filter>
    </None>
    <None Include="..\..\etmain\ui\ingame_vote.menu">
      <Filter>main\ui</Filter>
    </None>
    <None Include="..\..\etmain\ui\joinserver.menu">
      <Filter>main\ui</Filter>
    </None>
    <None Include="..\..\etmain\ui\load.menu">
      <Filter>main\ui</Filter>
    </None>
    <None Include="..\..\etmain\ui\main.menu">
      <Filter>main\ui</Filter>
    </None>
    <None Include="..\..\etmain\ui\menus.txt">
      <Filter>main\ui</Filter>
    </None>
    <None Include="..\..\etmain\ui\min_hud.menu">
      <Filter>main\ui</Filter>
    </None>
    <None Include="..\..\etmain\ui\mod.menu">
      <Filter>main\ui</Filter>
    </None>
    <None Include="..\..\etmain\ui\multiplayer.menu">
      <Filter>main\ui</Filter>
    </None>
    <None Include="..\..\etmain\ui\notebook.menu">
      <Filter>main\ui</Filter>
    </None>
    <None Include="..\..\etmain\ui\options.menu">
      <Filter>main\ui</Filter>
    </None>
    <None Include="..\..\etmain\ui\ordershelp.menu">
      <Filter>main\ui</Filter>
    </None>
    <None Include="..\..\etmain\ui\password.menu">
      <Filter>main\ui</Filter>
    </None>
    <None Include="..\..\etmain\ui\play.menu">
      <Filter>main\ui</Filter>
    </None>
    <None Include="..\..\etmain\ui\player.menu">
      <Filter>main\ui</Filter>
    </None>
    <None Include="..\..\etmain\ui\powerup.menu">
      <Filter>main\ui</Filter>
    </None>
    <None Include="..\..\etmain\ui\quit.menu">
      <Filter>main\ui</Filter>
    </None>
    <None Include="..\..\etmain\ui\quitcredit.menu">
      <Filter>main\ui</Filter>
    </None>
    <None Include="..\..\etmain\ui\resetscore.menu">
      <Filter>main\ui</Filter>
    </None>
    <None Include="..\..\etmain\ui\score.menu">
      <Filter>main\ui</Filter>
    </None>
    <None Include="..\..\etmain\ui\serverinfo.menu">
      <Filter>main\ui</Filter>
    </None>
    <None Include="..\..\etmain\ui\setup.menu">
      <Filter>main\ui</Filter>
    </None>
    <None Include="..\..\etmain\ui\skirmish.menu">
      <Filter>main\ui</Filter>
    </None>
    <None Include="..\..\etmain\ui\system.menu">
      <Filter>main\ui</Filter>
    </None>
    <None Include="..\..\etmain\ui\teamscore.menu">
      <Filter>main\ui</Filter>
    </None>
    <None Include="..\..\etmain\ui\vid_restart.menu">
      <Filter>main\ui</Filter>
    </None>
    <None Include="..\..\etmain\ui\wm_limbo.menu">
      <Filter>main\ui</Filter>
    </None>
    <None Include="..\..\etmain\ui\wm_pickplayer.menu">
      <Filter>main\ui</Filter>
    </None>
    <None Include="..\..\etmain\ui\wm_pickteam.menu">
      <Filter>main\ui</Filter>
    </None>
    <None Include="..\..\etmain\ui\wm_quickmessage.menu">
      <Filter>main\ui</Filter>
    </None>
    <None Include="..\..\etmain\scripts\ai.shader">
      <Filter>main\scripts</Filter>
    </None>
    <None Include="..\..\etmain\scripts\alpha.shader">
      <Filter>main\scripts</Filter>
    </None>
    <None Include="..\..\etmain\scripts\blacksmokeanim.shader">
      <Filter>main\scripts</Filter>
    </None>
    <None Include="..\..\etmain\scripts\blacksmokeanimb.shader">
      <Filter>main\scripts</Filter>
    </None>
    <None Include="..\..\etmain\scripts\clipboard.shader">
      <Filter>main\scripts</Filter>
    </None>
    <None Include="..\..\etmain\scripts\common.shader">
      <Filter>main\scripts</Filter>
    </None>
    <None Include="..\..\etmain\scripts\cursorhints.shader">
      <Filter>main\scripts</Filter>
    </None>
    <None Include="..\..\etmain\scripts\decals.shader">
      <Filter>main\scripts</Filter>
    </None>
    <None Include="..\..\etmain\scripts\eerie.shader">
      <Filter>main\scripts</Filter>
    </None>
    <None Include="..\..\etmain\scripts\expblue.shader">
      <Filter>main\scripts</Filter>
    </None>
    <None Include="..\..\etmain\scripts\explode1.shader">
      <Filter>main\scripts</Filter>
    </None>
    <None Include="..\..\etmain\scripts\fijets.shader">
      <Filter>main\scripts</Filter>
    </None>
    <None Include="..\..\etmain\scripts\firest.shader">
      <Filter>main\scripts</Filter>
    </None>
    <None Include="..\..\etmain\scripts\flamethrower.shader">
      <Filter>main\scripts</Filter>
    </None>
    <None Include="..\..\etmain\scripts\funnel.shader">
      <Filter>main\scripts</Filter>
    </None>
    <None Include="..\..\etmain\scripts\gfx.shader">
      <Filter>main\scripts</Filter>
    </None>
    <None Include="..\..\etmain\scripts\heat.shader">
      <Filter>main\scripts</Filter>
    </None>
    <None Include="..\..\etmain\scripts\lights.shader">
      <Filter>main\scripts</Filter>
    </None>
    <None Include="..\..\etmain\scripts\liquid.shader">
      <Filter>main\scripts</Filter>
    </None>
    <None Include="..\..\etmain\scripts\maxx.shader">
      <Filter>main\scripts</Filter>
    </None>
    <None Include="..\..\etmain\scripts\menu.shader">
      <Filter>main\scripts</Filter>
    </None>
    <None Include="..\..\etmain\scripts\metal.shader">
      <Filter>main\scripts</Filter>
    </None>
    <None Include="..\..\etmain\scripts\models.shader">
      <Filter>main\scripts</Filter>
    </None>
    <None Include="..\..\etmain\scripts\netest.shader">
      <Filter>main\scripts</Filter>
    </None>
    <None Include="..\..\etmain\scripts\oldwolf.shader">
      <Filter>main\scripts</Filter>
    </None>
    <None Include="..\..\etmain\scripts\organics.shader">
      <Filter>main\scripts</Filter>
    </None>
    <None Include="..\..\etmain\scripts\particle.shader">
      <Filter>main\scripts</Filter>
    </None>
    <None Include="..\..\etmain\scripts\q3view.shader">
      <Filter>main\scripts</Filter>
    </None>
    <None Include="..\..\etmain\scripts\sfx.shader">
      <Filter>main\scripts</Filter>
    </None>
    <None Include="..\..\etmain\scripts\skin.shader">
      <Filter>main\scripts</Filter>
    </None>
    <None Include="..\..\etmain\scripts\sky.shader">
      <Filter>main\scripts</Filter>
    </None>
    <None Include="..\..\etmain\scripts\solo.shader">
      <Filter>main\scripts</Filter>
    </None>
    <None Include="..\..\etmain\scripts\terrain.shader">
      <Filter>main\scripts</Filter>
    </None>
    <None Include="..\..\etmain\scripts\test.shader">
      <Filter>main\scripts</Filter>
    </None>
    <None Include="..\..\etmain\scripts\twiltb.shader">
      <Filter>main\scripts</Filter>
    </None>
    <None Include="..\..\etmain\scripts\twiltb2.shader">
      <Filter>main\scripts</Filter>
    </None>
    <None Include="..\..\etmain\scripts\ui.shader">
      <Filter>main\scripts</Filter>
    </None>
    <None Include="..\..\etmain\scripts\ui_hud.shader">
      <Filter>main\scripts</Filter>
    </None>
    <None Include="..\..\etmain\scripts\ui_kc.shader">
      <Filter>main\scripts</Filter>
    </None>
    <None Include="..\..\etmain\scripts\ui_notebook.shader">
      <Filter>main\scripts</Filter>
    </None>
    <None Include="..\..\etmain\scripts\viewflames.shader">
      <Filter>main\scripts</Filter>
    </None>
    <None Include="..\..\etmain\scripts\walls.shader">
      <Filter>main\scripts</Filter>
    </None>
    <None Include="..\..\etmain\scripts\z_light.shader">
      <Filter>main\scripts</Filter>
    </None>
  </ItemGroup>
  <ItemGroup>
    <ResourceCompile Include="sys\winquake.rc">
      <Filter>Resource Files</Filter>
    </ResourceCompile>
  </ItemGroup>
  <ItemGroup>
    <CustomBuild Include="asm\ftola.asm">
      <Filter>Source Files</Filter>
    </CustomBuild>
    <CustomBuild Include="asm\snapvector.asm">
      <Filter>Source Files</Filter>
    </CustomBuild>
    <CustomBuild Include="asm\vm_x86_64.asm">
      <Filter>Source Files</Filter>
    </CustomBuild>
  </ItemGroup>
</Project>