<?xml version="1.0" encoding="utf-8"?>
<Project ToolsVersion="4.0" xmlns="http://schemas.microsoft.com/developer/msbuild/2003">
  <ItemGroup>
    <Filter Include="Source Files">
      <UniqueIdentifier>{78b9a892-7f15-46c1-9534-3ffcf9a6450b}</UniqueIdentifier>
      <Extensions>cpp;c;cxx;rc;def;r;odl;idl;hpj;bat</Extensions>
    </Filter>
    <Filter Include="Header Files">
      <UniqueIdentifier>{dca6b2fb-b934-487d-88ad-af6830cb1bba}</UniqueIdentifier>
      <Extensions>h;hpp;hxx;hm;inl</Extensions>
    </Filter>
    <Filter Include="Resource Files">
      <UniqueIdentifier>{8b665d22-5695-4d1b-bb9e-018f9daa34c6}</UniqueIdentifier>
    </Filter>
    <Filter Include="Libs">
      <UniqueIdentifier>{a6334b14-56e3-4175-bbe1-94f77834f6b7}</UniqueIdentifier>
    </Filter>
    <Filter Include="Libs\jpeg">
      <UniqueIdentifier>{36bc076d-a17c-4237-a589-f979efead88c}</UniqueIdentifier>
    </Filter>
    <Filter Include="Libs\jpeg\Header Files">
      <UniqueIdentifier>{33a792ea-a3ca-442f-a7c5-dc56f3858313}</UniqueIdentifier>
    </Filter>
    <Filter Include="Libs\jpeg\Source Files">
      <UniqueIdentifier>{aaf33b0f-c011-4aca-b5ba-4fd188a4cc26}</UniqueIdentifier>
    </Filter>
  </ItemGroup>
  <ItemGroup>
    <ClCompile Include="tr_animation_mdm.c">
      <Filter>Source Files</Filter>
    </ClCompile>
    <ClCompile Include="tr_animation_mds.c">
      <Filter>Source Files</Filter>
    </ClCompile>
    <ClCompile Include="tr_backend.c">
      <Filter>Source Files</Filter>
    </ClCompile>
    <ClCompile Include="tr_bsp.c">
      <Filter>Source Files</Filter>
    </ClCompile>
    <ClCompile Include="tr_cmds.c">
      <Filter>Source Files</Filter>
    </ClCompile>
    <ClCompile Include="tr_cmesh.c">
      <Filter>Source Files</Filter>
    </ClCompile>
    <ClCompile Include="tr_curve.c">
      <Filter>Source Files</Filter>
    </ClCompile>
    <ClCompile Include="tr_decals.c">
      <Filter>Source Files</Filter>
    </ClCompile>
    <ClCompile Include="tr_flares.c">
      <Filter>Source Files</Filter>
    </ClCompile>
    <ClCompile Include="tr_font.c">
      <Filter>Source Files</Filter>
    </ClCompile>
    <ClCompile Include="tr_image.c">
      <Filter>Source Files</Filter>
    </ClCompile>
    <ClCompile Include="tr_init.c">
      <Filter>Source Files</Filter>
    </ClCompile>
    <ClCompile Include="tr_light.c">
      <Filter>Source Files</Filter>
    </ClCompile>
    <ClCompile Include="tr_main.c">
      <Filter>Source Files</Filter>
    </ClCompile>
    <ClCompile Include="tr_marks.c">
      <Filter>Source Files</Filter>
    </ClCompile>
    <ClCompile Include="tr_mesh.c">
      <Filter>Source Files</Filter>
    </ClCompile>
    <ClCompile Include="tr_model.c">
      <Filter>Source Files</Filter>
    </ClCompile>
    <ClCompile Include="tr_noise.c">
      <Filter>Source Files</Filter>
    </ClCompile>
    <ClCompile Include="tr_scene.c">
      <Filter>Source Files</Filter>
    </ClCompile>
    <ClCompile Include="tr_shade.c">
      <Filter>Source Files</Filter>
    </ClCompile>
    <ClCompile Include="tr_shade_calc.c">
      <Filter>Source Files</Filter>
    </ClCompile>
    <ClCompile Include="tr_shader.c">
      <Filter>Source Files</Filter>
    </ClCompile>
    <ClCompile Include="tr_shadows.c">
      <Filter>Source Files</Filter>
    </ClCompile>
    <ClCompile Include="tr_skin.c">
      <Filter>Source Files</Filter>
    </ClCompile>
    <ClCompile Include="tr_sky.c">
      <Filter>Source Files</Filter>
    </ClCompile>
    <ClCompile Include="tr_surface.c">
      <Filter>Source Files</Filter>
    </ClCompile>
    <ClCompile Include="tr_world.c">
      <Filter>Source Files</Filter>
    </ClCompile>
    <ClCompile Include="..\sys\sdl_gamma.c">
      <Filter>Source Files</Filter>
    </ClCompile>
    <ClCompile Include="..\sys\sdl_glimp.c">
      <Filter>Source Files</Filter>
    </ClCompile>
    <ClCompile Include="..\..\libs\jpeg\jaricom.c">
      <Filter>Libs\jpeg\Source Files</Filter>
    </ClCompile>
    <ClCompile Include="..\..\libs\jpeg\jcapimin.c">
      <Filter>Libs\jpeg\Source Files</Filter>
    </ClCompile>
    <ClCompile Include="..\..\libs\jpeg\jcapistd.c">
      <Filter>Libs\jpeg\Source Files</Filter>
    </ClCompile>
    <ClCompile Include="..\..\libs\jpeg\jcarith.c">
      <Filter>Libs\jpeg\Source Files</Filter>
    </ClCompile>
    <ClCompile Include="..\..\libs\jpeg\jccoefct.c">
      <Filter>Libs\jpeg\Source Files</Filter>
    </ClCompile>
    <ClCompile Include="..\..\libs\jpeg\jccolor.c">
      <Filter>Libs\jpeg\Source Files</Filter>
    </ClCompile>
    <ClCompile Include="..\..\libs\jpeg\jcdctmgr.c">
      <Filter>Libs\jpeg\Source Files</Filter>
    </ClCompile>
    <ClCompile Include="..\..\libs\jpeg\jchuff.c">
      <Filter>Libs\jpeg\Source Files</Filter>
    </ClCompile>
    <ClCompile Include="..\..\libs\jpeg\jcinit.c">
      <Filter>Libs\jpeg\Source Files</Filter>
    </ClCompile>
    <ClCompile Include="..\..\libs\jpeg\jcmainct.c">
      <Filter>Libs\jpeg\Source Files</Filter>
    </ClCompile>
    <ClCompile Include="..\..\libs\jpeg\jcmarker.c">
      <Filter>Libs\jpeg\Source Files</Filter>
    </ClCompile>
    <ClCompile Include="..\..\libs\jpeg\jcmaster.c">
      <Filter>Libs\jpeg\Source Files</Filter>
    </ClCompile>
    <ClCompile Include="..\..\libs\jpeg\jcomapi.c">
      <Filter>Libs\jpeg\Source Files</Filter>
    </ClCompile>
    <ClCompile Include="..\..\libs\jpeg\jcparam.c">
      <Filter>Libs\jpeg\Source Files</Filter>
    </ClCompile>
    <ClCompile Include="..\..\libs\jpeg\jcprepct.c">
      <Filter>Libs\jpeg\Source Files</Filter>
    </ClCompile>
    <ClCompile Include="..\..\libs\jpeg\jcsample.c">
      <Filter>Libs\jpeg\Source Files</Filter>
    </ClCompile>
    <ClCompile Include="..\..\libs\jpeg\jctrans.c">
      <Filter>Libs\jpeg\Source Files</Filter>
    </ClCompile>
    <ClCompile Include="..\..\libs\jpeg\jdapimin.c">
      <Filter>Libs\jpeg\Source Files</Filter>
    </ClCompile>
    <ClCompile Include="..\..\libs\jpeg\jdapistd.c">
      <Filter>Libs\jpeg\Source Files</Filter>
    </ClCompile>
    <ClCompile Include="..\..\libs\jpeg\jdarith.c">
      <Filter>Libs\jpeg\Source Files</Filter>
    </ClCompile>
    <ClCompile Include="..\..\libs\jpeg\jdatadst.c">
      <Filter>Libs\jpeg\Source Files</Filter>
    </ClCompile>
    <ClCompile Include="..\..\libs\jpeg\jdatasrc.c">
      <Filter>Libs\jpeg\Source Files</Filter>
    </ClCompile>
    <ClCompile Include="..\..\libs\jpeg\jdcoefct.c">
      <Filter>Libs\jpeg\Source Files</Filter>
    </ClCompile>
    <ClCompile Include="..\..\libs\jpeg\jdcolor.c">
      <Filter>Libs\jpeg\Source Files</Filter>
    </ClCompile>
    <ClCompile Include="..\..\libs\jpeg\jddctmgr.c">
      <Filter>Libs\jpeg\Source Files</Filter>
    </ClCompile>
    <ClCompile Include="..\..\libs\jpeg\jdhuff.c">
      <Filter>Libs\jpeg\Source Files</Filter>
    </ClCompile>
    <ClCompile Include="..\..\libs\jpeg\jdinput.c">
      <Filter>Libs\jpeg\Source Files</Filter>
    </ClCompile>
    <ClCompile Include="..\..\libs\jpeg\jdmainct.c">
      <Filter>Libs\jpeg\Source Files</Filter>
    </ClCompile>
    <ClCompile Include="..\..\libs\jpeg\jdmarker.c">
      <Filter>Libs\jpeg\Source Files</Filter>
    </ClCompile>
    <ClCompile Include="..\..\libs\jpeg\jdmaster.c">
      <Filter>Libs\jpeg\Source Files</Filter>
    </ClCompile>
    <ClCompile Include="..\..\libs\jpeg\jdmerge.c">
      <Filter>Libs\jpeg\Source Files</Filter>
    </ClCompile>
    <ClCompile Include="..\..\libs\jpeg\jdpostct.c">
      <Filter>Libs\jpeg\Source Files</Filter>
    </ClCompile>
    <ClCompile Include="..\..\libs\jpeg\jdsample.c">
      <Filter>Libs\jpeg\Source Files</Filter>
    </ClCompile>
    <ClCompile Include="..\..\libs\jpeg\jdtrans.c">
      <Filter>Libs\jpeg\Source Files</Filter>
    </ClCompile>
    <ClCompile Include="..\..\libs\jpeg\jerror.c">
      <Filter>Libs\jpeg\Source Files</Filter>
    </ClCompile>
    <ClCompile Include="..\..\libs\jpeg\jfdctflt.c">
      <Filter>Libs\jpeg\Source Files</Filter>
    </ClCompile>
    <ClCompile Include="..\..\libs\jpeg\jfdctfst.c">
      <Filter>Libs\jpeg\Source Files</Filter>
    </ClCompile>
    <ClCompile Include="..\..\libs\jpeg\jfdctint.c">
      <Filter>Libs\jpeg\Source Files</Filter>
    </ClCompile>
    <ClCompile Include="..\..\libs\jpeg\jidctflt.c">
      <Filter>Libs\jpeg\Source Files</Filter>
    </ClCompile>
    <ClCompile Include="..\..\libs\jpeg\jidctfst.c">
      <Filter>Libs\jpeg\Source Files</Filter>
    </ClCompile>
    <ClCompile Include="..\..\libs\jpeg\jidctint.c">
      <Filter>Libs\jpeg\Source Files</Filter>
    </ClCompile>
    <ClCompile Include="..\..\libs\jpeg\jmemmgr.c">
      <Filter>Libs\jpeg\Source Files</Filter>
    </ClCompile>
    <ClCompile Include="..\..\libs\jpeg\jmemnobs.c">
      <Filter>Libs\jpeg\Source Files</Filter>
    </ClCompile>
    <ClCompile Include="..\..\libs\jpeg\jquant1.c">
      <Filter>Libs\jpeg\Source Files</Filter>
    </ClCompile>
    <ClCompile Include="..\..\libs\jpeg\jquant2.c">
      <Filter>Libs\jpeg\Source Files</Filter>
    </ClCompile>
    <ClCompile Include="..\..\libs\jpeg\jutils.c">
      <Filter>Libs\jpeg\Source Files</Filter>
    </ClCompile>
    <ClCompile Include="..\qcommon\q_math.c">
      <Filter>Source Files</Filter>
    </ClCompile>
    <ClCompile Include="..\qcommon\q_shared.c">
      <Filter>Source Files</Filter>
    </ClCompile>
    <ClCompile Include="tr_model_md5.c">
      <Filter>Source Files</Filter>
    </ClCompile>
    <ClCompile Include="tr_animation.c">
      <Filter>Source Files</Filter>
    </ClCompile>
  </ItemGroup>
  <ItemGroup>
    <ClInclude Include="anorms256.h">
      <Filter>Header Files</Filter>
    </ClInclude>
    <ClInclude Include="glext.h">
      <Filter>Header Files</Filter>
    </ClInclude>
    <ClInclude Include="..\qcommon\qcommon.h">
      <Filter>Header Files</Filter>
    </ClInclude>
    <ClInclude Include="..\qcommon\qfiles.h">
      <Filter>Header Files</Filter>
    </ClInclude>
    <ClInclude Include="..\win32\resource.h">
      <Filter>Header Files</Filter>
    </ClInclude>
    <ClInclude Include="..\..\shared\surfaceflags.h">
      <Filter>Header Files</Filter>
    </ClInclude>
    <ClInclude Include="tr_local.h">
      <Filter>Header Files</Filter>
    </ClInclude>
    <ClInclude Include="tr_public.h">
      <Filter>Header Files</Filter>
    </ClInclude>
    <ClInclude Include="..\..\libs\jpeg\jconfig.h">
      <Filter>Libs\jpeg\Header Files</Filter>
    </ClInclude>
    <ClInclude Include="..\..\libs\jpeg\jdct.h">
      <Filter>Libs\jpeg\Header Files</Filter>
    </ClInclude>
    <ClInclude Include="..\..\libs\jpeg\jerror.h">
      <Filter>Libs\jpeg\Header Files</Filter>
    </ClInclude>
    <ClInclude Include="..\..\libs\jpeg\jinclude.h">
      <Filter>Libs\jpeg\Header Files</Filter>
    </ClInclude>
    <ClInclude Include="..\..\libs\jpeg\jmemsys.h">
      <Filter>Libs\jpeg\Header Files</Filter>
    </ClInclude>
    <ClInclude Include="..\..\libs\jpeg\jmorecfg.h">
      <Filter>Libs\jpeg\Header Files</Filter>
    </ClInclude>
    <ClInclude Include="..\..\libs\jpeg\jpegint.h">
      <Filter>Libs\jpeg\Header Files</Filter>
    </ClInclude>
    <ClInclude Include="..\..\libs\jpeg\jpeglib.h">
      <Filter>Libs\jpeg\Header Files</Filter>
    </ClInclude>
    <ClInclude Include="..\..\libs\jpeg\jversion.h">
      <Filter>Libs\jpeg\Header Files</Filter>
    </ClInclude>
    <ClInclude Include="..\qcommon\q_shared.h">
      <Filter>Header Files</Filter>
    </ClInclude>
    <ClInclude Include="tr_types.h">
      <Filter>Header Files</Filter>
    </ClInclude>
  </ItemGroup>
  <ItemGroup>
    <None Include="rendererGL.def">
      <Filter>Resource Files</Filter>
    </None>
  </ItemGroup>
</Project>