<?xml version="1.0" encoding="utf-8"?>
<Project ToolsVersion="4.0" xmlns="http://schemas.microsoft.com/developer/msbuild/2003">
  <ItemGroup>
    <Filter Include="Source Files">
      <UniqueIdentifier>{c8335f5a-1195-4c3b-b8df-1f917ae5f92a}</UniqueIdentifier>
      <Extensions>c</Extensions>
    </Filter>
    <Filter Include="Header Files">
      <UniqueIdentifier>{42970f14-bc4b-449e-82ef-050bb311ddc7}</UniqueIdentifier>
      <Extensions>h</Extensions>
    </Filter>
    <Filter Include="Resource Files">
      <UniqueIdentifier>{3d2e36fc-1a0f-433d-bc76-20e2520707af}</UniqueIdentifier>
    </Filter>
  </ItemGroup>
  <ItemGroup>
    <ClCompile Include="..\game\bg_misc.c">
      <Filter>Source Files</Filter>
    </ClCompile>
    <ClCompile Include="..\game\bg_pmove.c">
      <Filter>Source Files</Filter>
    </ClCompile>
    <ClCompile Include="..\game\bg_slidemove.c">
      <Filter>Source Files</Filter>
    </ClCompile>
    <ClCompile Include="..\ui\ui_shared.c">
      <Filter>Source Files</Filter>
    </ClCompile>
    <ClCompile Include="cg_animation.c">
      <Filter>Source Files</Filter>
    </ClCompile>
    <ClCompile Include="cg_animmapobj.c">
      <Filter>Source Files</Filter>
    </ClCompile>
    <ClCompile Include="cg_attachment.c">
      <Filter>Source Files</Filter>
    </ClCompile>
    <ClCompile Include="cg_buildable.c">
      <Filter>Source Files</Filter>
    </ClCompile>
    <ClCompile Include="cg_consolecmds.c">
      <Filter>Source Files</Filter>
    </ClCompile>
    <ClCompile Include="cg_draw.c">
      <Filter>Source Files</Filter>
    </ClCompile>
    <ClCompile Include="cg_drawtools.c">
      <Filter>Source Files</Filter>
    </ClCompile>
    <ClCompile Include="cg_ents.c">
      <Filter>Source Files</Filter>
    </ClCompile>
    <ClCompile Include="cg_event.c">
      <Filter>Source Files</Filter>
    </ClCompile>
    <ClCompile Include="cg_main.c">
      <Filter>Source Files</Filter>
    </ClCompile>
    <ClCompile Include="cg_marks.c">
      <Filter>Source Files</Filter>
    </ClCompile>
    <ClCompile Include="cg_particles.c">
      <Filter>Source Files</Filter>
    </ClCompile>
    <ClCompile Include="cg_players.c">
      <Filter>Source Files</Filter>
    </ClCompile>
    <ClCompile Include="cg_playerstate.c">
      <Filter>Source Files</Filter>
    </ClCompile>
    <ClCompile Include="cg_predict.c">
      <Filter>Source Files</Filter>
    </ClCompile>
    <ClCompile Include="cg_scanner.c">
      <Filter>Source Files</Filter>
    </ClCompile>
    <ClCompile Include="cg_servercmds.c">
      <Filter>Source Files</Filter>
    </ClCompile>
    <ClCompile Include="cg_snapshot.c">
      <Filter>Source Files</Filter>
    </ClCompile>
    <ClCompile Include="cg_trails.c">
      <Filter>Source Files</Filter>
    </ClCompile>
    <ClCompile Include="cg_tutorial.c">
      <Filter>Source Files</Filter>
    </ClCompile>
    <ClCompile Include="cg_view.c">
      <Filter>Source Files</Filter>
    </ClCompile>
    <ClCompile Include="cg_weapons.c">
      <Filter>Source Files</Filter>
    </ClCompile>
    <ClCompile Include="..\game\bg_voice.c">
      <Filter>Source Files</Filter>
    </ClCompile>
    <ClCompile Include="..\game\bg_alloc.c">
      <Filter>Source Files</Filter>
    </ClCompile>
    <ClCompile Include="cg_api.c">
      <Filter>Source Files</Filter>
    </ClCompile>
    <ClCompile Include="..\..\..\..\engine\qcommon\q_shared.c">
      <Filter>Source Files</Filter>
    </ClCompile>
    <ClCompile Include="..\..\..\..\engine\qcommon\q_math.c">
      <Filter>Source Files</Filter>
    </ClCompile>
  </ItemGroup>
  <ItemGroup>
    <ClInclude Include="..\game\bg_public.h">
      <Filter>Header Files</Filter>
    </ClInclude>
    <ClInclude Include="cg_local.h">
      <Filter>Header Files</Filter>
    </ClInclude>
    <ClInclude Include="..\game\surfaceflags.h">
      <Filter>Header Files</Filter>
    </ClInclude>
    <ClInclude Include="..\game\bg_lib.h">
      <Filter>Header Files</Filter>
    </ClInclude>
    <ClInclude Include="..\..\..\..\engine\client\cg_api.h">
      <Filter>Header Files</Filter>
    </ClInclude>
    <ClInclude Include="..\..\..\..\engine\qcommon\q_shared.h">
      <Filter>Header Files</Filter>
    </ClInclude>
  </ItemGroup>
</Project>