<?xml version="1.0" encoding="utf-8"?>
<Project ToolsVersion="4.0" xmlns="http://schemas.microsoft.com/developer/msbuild/2003">
  <ItemGroup>
    <Filter Include="Source Files">
      <UniqueIdentifier>{51bd5eac-c84f-45b0-a663-481f97427483}</UniqueIdentifier>
      <Extensions>cpp;c;cxx;rc;def;r;odl;hpj;bat;for;f90</Extensions>
    </Filter>
    <Filter Include="Header Files">
      <UniqueIdentifier>{cee12930-15ad-43df-8790-a11f80ff465e}</UniqueIdentifier>
      <Extensions>h;hpp;hxx;hm;inl;fi;fd</Extensions>
    </Filter>
    <Filter Include="Resource Files">
      <UniqueIdentifier>{e9ed07b7-6c59-4f56-bd45-85460ec7264e}</UniqueIdentifier>
      <Extensions>ico;cur;bmp;dlg;rc2;rct;bin;cnt;rtf;gif;jpg;jpeg;jpe</Extensions>
    </Filter>
    <Filter Include="omnibot">
      <UniqueIdentifier>{f3b31b02-6cab-4bdc-b5ff-65e8a1130c4e}</UniqueIdentifier>
    </Filter>
    <Filter Include="libs">
      <UniqueIdentifier>{da25260f-db68-45fe-a0e8-17e987ef6a54}</UniqueIdentifier>
    </Filter>
    <Filter Include="libs\LUA">
      <UniqueIdentifier>{7cf76891-31e4-426d-b507-0f3ea05625f4}</UniqueIdentifier>
    </Filter>
    <Filter Include="libs\LUA\Header Files">
      <UniqueIdentifier>{0f6d7893-cec5-41b3-8c42-ebdebe85a5c8}</UniqueIdentifier>
    </Filter>
    <Filter Include="libs\LUA\Source Files">
      <UniqueIdentifier>{a4f9fea6-43c9-4ca0-9ff8-d8ccd829ad1d}</UniqueIdentifier>
    </Filter>
    <Filter Include="libs\SHA">
      <UniqueIdentifier>{ce121aa9-6a8b-423c-902b-cf108d59835e}</UniqueIdentifier>
    </Filter>
    <Filter Include="libs\SHA\Header Files">
      <UniqueIdentifier>{0268d70f-9c97-4bed-9d81-489b995007e3}</UniqueIdentifier>
    </Filter>
    <Filter Include="libs\SHA\Source Files">
      <UniqueIdentifier>{2367add9-6f06-4b86-b7a0-5ef1bfa93468}</UniqueIdentifier>
    </Filter>
  </ItemGroup>
  <ItemGroup>
    <ClCompile Include="bg_animation.c">
      <Filter>Source Files</Filter>
    </ClCompile>
    <ClCompile Include="bg_animgroup.c">
      <Filter>Source Files</Filter>
    </ClCompile>
    <ClCompile Include="bg_campaign.c">
      <Filter>Source Files</Filter>
    </ClCompile>
    <ClCompile Include="bg_character.c">
      <Filter>Source Files</Filter>
    </ClCompile>
    <ClCompile Include="bg_classes.c">
      <Filter>Source Files</Filter>
    </ClCompile>
    <ClCompile Include="bg_misc.c">
      <Filter>Source Files</Filter>
    </ClCompile>
    <ClCompile Include="bg_pmove.c">
      <Filter>Source Files</Filter>
    </ClCompile>
    <ClCompile Include="bg_slidemove.c">
      <Filter>Source Files</Filter>
    </ClCompile>
    <ClCompile Include="bg_sscript.c">
      <Filter>Source Files</Filter>
    </ClCompile>
    <ClCompile Include="bg_stats.c">
      <Filter>Source Files</Filter>
    </ClCompile>
    <ClCompile Include="bg_tracemap.c">
      <Filter>Source Files</Filter>
    </ClCompile>
    <ClCompile Include="g_active.c">
      <Filter>Source Files</Filter>
    </ClCompile>
    <ClCompile Include="g_alarm.c">
      <Filter>Source Files</Filter>
    </ClCompile>
    <ClCompile Include="g_antilag.c">
      <Filter>Source Files</Filter>
    </ClCompile>
    <ClCompile Include="g_buddy_list.c">
      <Filter>Source Files</Filter>
    </ClCompile>
    <ClCompile Include="g_character.c">
      <Filter>Source Files</Filter>
    </ClCompile>
    <ClCompile Include="g_client.c">
      <Filter>Source Files</Filter>
    </ClCompile>
    <ClCompile Include="g_cmds.c">
      <Filter>Source Files</Filter>
    </ClCompile>
    <ClCompile Include="g_cmds_ext.c">
      <Filter>Source Files</Filter>
    </ClCompile>
    <ClCompile Include="g_combat.c">
      <Filter>Source Files</Filter>
    </ClCompile>
    <ClCompile Include="g_config.c">
      <Filter>Source Files</Filter>
    </ClCompile>
    <ClCompile Include="g_fireteams.c">
      <Filter>Source Files</Filter>
    </ClCompile>
    <ClCompile Include="g_items.c">
      <Filter>Source Files</Filter>
    </ClCompile>
    <ClCompile Include="g_main.c">
      <Filter>Source Files</Filter>
    </ClCompile>
    <ClCompile Include="g_match.c">
      <Filter>Source Files</Filter>
    </ClCompile>
    <ClCompile Include="g_mem.c">
      <Filter>Source Files</Filter>
    </ClCompile>
    <ClCompile Include="g_misc.c">
      <Filter>Source Files</Filter>
    </ClCompile>
    <ClCompile Include="g_missile.c">
      <Filter>Source Files</Filter>
    </ClCompile>
    <ClCompile Include="g_mover.c">
      <Filter>Source Files</Filter>
    </ClCompile>
    <ClCompile Include="g_multiview.c">
      <Filter>Source Files</Filter>
    </ClCompile>
    <ClCompile Include="g_props.c">
      <Filter>Source Files</Filter>
    </ClCompile>
    <ClCompile Include="g_referee.c">
      <Filter>Source Files</Filter>
    </ClCompile>
    <ClCompile Include="g_script.c">
      <Filter>Source Files</Filter>
    </ClCompile>
    <ClCompile Include="g_script_actions.c">
      <Filter>Source Files</Filter>
    </ClCompile>
    <ClCompile Include="g_session.c">
      <Filter>Source Files</Filter>
    </ClCompile>
    <ClCompile Include="g_spawn.c">
      <Filter>Source Files</Filter>
    </ClCompile>
    <ClCompile Include="g_stats.c">
      <Filter>Source Files</Filter>
    </ClCompile>
    <ClCompile Include="g_svcmds.c">
      <Filter>Source Files</Filter>
    </ClCompile>
    <ClCompile Include="g_systemmsg.c">
      <Filter>Source Files</Filter>
    </ClCompile>
    <ClCompile Include="g_target.c">
      <Filter>Source Files</Filter>
    </ClCompile>
    <ClCompile Include="g_team.c">
      <Filter>Source Files</Filter>
    </ClCompile>
    <ClCompile Include="g_teammapdata.c">
      <Filter>Source Files</Filter>
    </ClCompile>
    <ClCompile Include="g_trigger.c">
      <Filter>Source Files</Filter>
    </ClCompile>
    <ClCompile Include="g_utils.c">
      <Filter>Source Files</Filter>
    </ClCompile>
    <ClCompile Include="g_vote.c">
      <Filter>Source Files</Filter>
    </ClCompile>
    <ClCompile Include="g_weapon.c">
      <Filter>Source Files</Filter>
    </ClCompile>
    <ClCompile Include="g_admin.c">
      <Filter>Source Files</Filter>
    </ClCompile>
    <ClCompile Include="..\..\omnibot\common\BotLoadLibrary.cpp">
      <Filter>omnibot</Filter>
    </ClCompile>
    <ClCompile Include="..\..\omnibot\et\g_etbot_interface.cpp">
      <Filter>omnibot</Filter>
    </ClCompile>
    <ClCompile Include="g_sha1.c">
      <Filter>Source Files</Filter>
    </ClCompile>
    <ClCompile Include="sha-1\sha1.c">
      <Filter>libs\SHA\Source Files</Filter>
    </ClCompile>
    <ClCompile Include="g_lua.c">
      <Filter>Source Files</Filter>
    </ClCompile>
    <ClCompile Include="g_api.c">
      <Filter>Source Files</Filter>
    </ClCompile>
    <ClCompile Include="..\..\..\..\engine\qcommon\q_math.c">
      <Filter>Source Files</Filter>
    </ClCompile>
    <ClCompile Include="..\..\..\..\engine\qcommon\q_shared.c">
      <Filter>Source Files</Filter>
    </ClCompile>
  </ItemGroup>
  <ItemGroup>
    <ClInclude Include="bg_local.h">
      <Filter>Header Files</Filter>
    </ClInclude>
    <ClInclude Include="bg_public.h">
      <Filter>Header Files</Filter>
    </ClInclude>
    <ClInclude Include="..\botai\chars.h">
      <Filter>Header Files</Filter>
    </ClInclude>
    <ClInclude Include="g_local.h">
      <Filter>Header Files</Filter>
    </ClInclude>
    <ClInclude Include="g_team.h">
      <Filter>Header Files</Filter>
    </ClInclude>
    <ClInclude Include="..\botai\inv.h">
      <Filter>Header Files</Filter>
    </ClInclude>
    <ClInclude Include="..\botai\match.h">
      <Filter>Header Files</Filter>
    </ClInclude>
    <ClInclude Include="..\botai\syn.h">
      <Filter>Header Files</Filter>
    </ClInclude>
    <ClInclude Include="g_admin.h">
      <Filter>Header Files</Filter>
    </ClInclude>
    <ClInclude Include="..\..\omnibot\et\g_etbot_interface.h">
      <Filter>omnibot</Filter>
    </ClInclude>
    <ClInclude Include="LUA\lauxlib.h">
      <Filter>libs\LUA\Header Files</Filter>
    </ClInclude>
    <ClInclude Include="LUA\lua.h">
      <Filter>libs\LUA\Header Files</Filter>
    </ClInclude>
    <ClInclude Include="LUA\lua.hpp">
      <Filter>libs\LUA\Header Files</Filter>
    </ClInclude>
    <ClInclude Include="LUA\luaconf.h">
      <Filter>libs\LUA\Header Files</Filter>
    </ClInclude>
    <ClInclude Include="LUA\lualib.h">
      <Filter>libs\LUA\Header Files</Filter>
    </ClInclude>
    <ClInclude Include="sha-1\sha1.h">
      <Filter>libs\SHA\Header Files</Filter>
    </ClInclude>
    <ClInclude Include="g_lua.h">
      <Filter>Header Files</Filter>
    </ClInclude>
    <ClInclude Include="surfaceflags.h">
      <Filter>Header Files</Filter>
    </ClInclude>
    <ClInclude Include="..\..\..\..\engine\qcommon\q_shared.h">
      <Filter>Header Files</Filter>
    </ClInclude>
    <ClInclude Include="..\..\..\..\engine\server\g_api.h">
      <Filter>Header Files</Filter>
    </ClInclude>
  </ItemGroup>
  <ItemGroup>
    <None Include="game.def" />
  </ItemGroup>
</Project>