
Microsoft Visual Studio Solution File, Format Version 11.00
# Visual Studio 2010
Project("{8BC9CEB8-8B4A-11D0-8D11-00A0C91BC942}") = "libcurl", "lib\vc6libcurl.vcxproj", "{74630AE4-41B6-C126-512E-9236F020C292}"
EndProject
Project("{8BC9CEB8-8B4A-11D0-8D11-00A0C91BC942}") = "curlsrc", "src\vc6curlsrc.vcxproj", "{75DDD278-07EC-5E82-BB28-122E8759A4A1}"
	ProjectSection(ProjectDependencies) = postProject
		{74630AE4-41B6-C126-512E-9236F020C292} = {74630AE4-41B6-C126-512E-9236F020C292}
	EndProjectSection
EndProject
Global
	GlobalSection(SolutionConfigurationPlatforms) = preSolution
		DLL Debug|Win32 = DLL Debug|Win32
		DLL Release|Win32 = DLL Release|Win32
		LIB Debug|Win32 = LIB Debug|Win32
		LIB Release|Win32 = LIB Release|Win32
		Template|Win32 = Template|Win32
		using libcurl DLL Debug|Win32 = using libcurl DLL Debug|Win32
		using libcurl DLL Release|Win32 = using libcurl DLL Release|Win32
		using libcurl LIB Debug|Win32 = using libcurl LIB Debug|Win32
		using libcurl LIB Release|Win32 = using libcurl LIB Release|Win32
	EndGlobalSection
	GlobalSection(ProjectConfigurationPlatforms) = postSolution
		{74630AE4-41B6-C126-512E-9236F020C292}.DLL Debug|Win32.ActiveCfg = DLL Debug|Win32
		{74630AE4-41B6-C126-512E-9236F020C292}.DLL Debug|Win32.Build.0 = DLL Debug|Win32
		{74630AE4-41B6-C126-512E-9236F020C292}.DLL Release|Win32.ActiveCfg = DLL Release|Win32
		{74630AE4-41B6-C126-512E-9236F020C292}.DLL Release|Win32.Build.0 = DLL Release|Win32
		{74630AE4-41B6-C126-512E-9236F020C292}.LIB Debug|Win32.ActiveCfg = LIB Debug|Win32
		{74630AE4-41B6-C126-512E-9236F020C292}.LIB Debug|Win32.Build.0 = LIB Debug|Win32
		{74630AE4-41B6-C126-512E-9236F020C292}.LIB Release|Win32.ActiveCfg = LIB Release|Win32
		{74630AE4-41B6-C126-512E-9236F020C292}.LIB Release|Win32.Build.0 = LIB Release|Win32
		{74630AE4-41B6-C126-512E-9236F020C292}.Template|Win32.ActiveCfg = LIB Release|Win32
		{74630AE4-41B6-C126-512E-9236F020C292}.Template|Win32.Build.0 = LIB Release|Win32
		{74630AE4-41B6-C126-512E-9236F020C292}.using libcurl DLL Debug|Win32.ActiveCfg = DLL Debug|Win32
		{74630AE4-41B6-C126-512E-9236F020C292}.using libcurl DLL Debug|Win32.Build.0 = DLL Debug|Win32
		{74630AE4-41B6-C126-512E-9236F020C292}.using libcurl DLL Release|Win32.ActiveCfg = DLL Release|Win32
		{74630AE4-41B6-C126-512E-9236F020C292}.using libcurl DLL Release|Win32.Build.0 = DLL Release|Win32
		{74630AE4-41B6-C126-512E-9236F020C292}.using libcurl LIB Debug|Win32.ActiveCfg = LIB Debug|Win32
		{74630AE4-41B6-C126-512E-9236F020C292}.using libcurl LIB Debug|Win32.Build.0 = LIB Debug|Win32
		{74630AE4-41B6-C126-512E-9236F020C292}.using libcurl LIB Release|Win32.ActiveCfg = LIB Release|Win32
		{74630AE4-41B6-C126-512E-9236F020C292}.using libcurl LIB Release|Win32.Build.0 = LIB Release|Win32
		{75DDD278-07EC-5E82-BB28-122E8759A4A1}.DLL Debug|Win32.ActiveCfg = using libcurl DLL Debug|Win32
		{75DDD278-07EC-5E82-BB28-122E8759A4A1}.DLL Debug|Win32.Build.0 = using libcurl DLL Debug|Win32
		{75DDD278-07EC-5E82-BB28-122E8759A4A1}.DLL Release|Win32.ActiveCfg = using libcurl DLL Release|Win32
		{75DDD278-07EC-5E82-BB28-122E8759A4A1}.DLL Release|Win32.Build.0 = using libcurl DLL Release|Win32
		{75DDD278-07EC-5E82-BB28-122E8759A4A1}.LIB Debug|Win32.ActiveCfg = using libcurl LIB Debug|Win32
		{75DDD278-07EC-5E82-BB28-122E8759A4A1}.LIB Debug|Win32.Build.0 = using libcurl LIB Debug|Win32
		{75DDD278-07EC-5E82-BB28-122E8759A4A1}.LIB Release|Win32.ActiveCfg = using libcurl LIB Release|Win32
		{75DDD278-07EC-5E82-BB28-122E8759A4A1}.LIB Release|Win32.Build.0 = using libcurl LIB Release|Win32
		{75DDD278-07EC-5E82-BB28-122E8759A4A1}.Template|Win32.ActiveCfg = Template|Win32
		{75DDD278-07EC-5E82-BB28-122E8759A4A1}.Template|Win32.Build.0 = Template|Win32
		{75DDD278-07EC-5E82-BB28-122E8759A4A1}.using libcurl DLL Debug|Win32.ActiveCfg = using libcurl DLL Debug|Win32
		{75DDD278-07EC-5E82-BB28-122E8759A4A1}.using libcurl DLL Debug|Win32.Build.0 = using libcurl DLL Debug|Win32
		{75DDD278-07EC-5E82-BB28-122E8759A4A1}.using libcurl DLL Release|Win32.ActiveCfg = using libcurl DLL Release|Win32
		{75DDD278-07EC-5E82-BB28-122E8759A4A1}.using libcurl DLL Release|Win32.Build.0 = using libcurl DLL Release|Win32
		{75DDD278-07EC-5E82-BB28-122E8759A4A1}.using libcurl LIB Debug|Win32.ActiveCfg = using libcurl LIB Debug|Win32
		{75DDD278-07EC-5E82-BB28-122E8759A4A1}.using libcurl LIB Debug|Win32.Build.0 = using libcurl LIB Debug|Win32
		{75DDD278-07EC-5E82-BB28-122E8759A4A1}.using libcurl LIB Release|Win32.ActiveCfg = using libcurl LIB Release|Win32
		{75DDD278-07EC-5E82-BB28-122E8759A4A1}.using libcurl LIB Release|Win32.Build.0 = using libcurl LIB Release|Win32
	EndGlobalSection
	GlobalSection(SolutionProperties) = preSolution
		HideSolutionNode = FALSE
	EndGlobalSection
EndGlobal
