<?xml version="1.0" encoding="utf-8"?>
<Project ToolsVersion="4.0" xmlns="http://schemas.microsoft.com/developer/msbuild/2003">
  <ItemGroup>
    <Filter Include="Source Files">
      <UniqueIdentifier>{8728cfd0-f279-4c17-bef9-021a27a3cad5}</UniqueIdentifier>
      <Extensions>cpp;c;cxx;rc;def;r;odl;idl;hpj;bat</Extensions>
    </Filter>
    <Filter Include="Header Files">
      <UniqueIdentifier>{dabb86ed-b181-4f2a-a216-1ab4154c3bc2}</UniqueIdentifier>
      <Extensions>h;hpp;hxx;hm;inl</Extensions>
    </Filter>
  </ItemGroup>
  <ItemGroup>
    <ClCompile Include="be_aas_bspq3.c">
      <Filter>Source Files</Filter>
    </ClCompile>
    <ClCompile Include="be_aas_cluster.c">
      <Filter>Source Files</Filter>
    </ClCompile>
    <ClCompile Include="be_aas_debug.c">
      <Filter>Source Files</Filter>
    </ClCompile>
    <ClCompile Include="be_aas_entity.c">
      <Filter>Source Files</Filter>
    </ClCompile>
    <ClCompile Include="be_aas_file.c">
      <Filter>Source Files</Filter>
    </ClCompile>
    <ClCompile Include="be_aas_main.c">
      <Filter>Source Files</Filter>
    </ClCompile>
    <ClCompile Include="be_aas_move.c">
      <Filter>Source Files</Filter>
    </ClCompile>
    <ClCompile Include="be_aas_optimize.c">
      <Filter>Source Files</Filter>
    </ClCompile>
    <ClCompile Include="be_aas_reach.c">
      <Filter>Source Files</Filter>
    </ClCompile>
    <ClCompile Include="be_aas_route.c">
      <Filter>Source Files</Filter>
    </ClCompile>
    <ClCompile Include="be_aas_routealt.c">
      <Filter>Source Files</Filter>
    </ClCompile>
    <ClCompile Include="be_aas_routetable.c">
      <Filter>Source Files</Filter>
    </ClCompile>
    <ClCompile Include="be_aas_sample.c">
      <Filter>Source Files</Filter>
    </ClCompile>
    <ClCompile Include="be_ai_char.c">
      <Filter>Source Files</Filter>
    </ClCompile>
    <ClCompile Include="be_ai_chat.c">
      <Filter>Source Files</Filter>
    </ClCompile>
    <ClCompile Include="be_ai_gen.c">
      <Filter>Source Files</Filter>
    </ClCompile>
    <ClCompile Include="be_ai_goal.c">
      <Filter>Source Files</Filter>
    </ClCompile>
    <ClCompile Include="be_ai_move.c">
      <Filter>Source Files</Filter>
    </ClCompile>
    <ClCompile Include="be_ai_weap.c">
      <Filter>Source Files</Filter>
    </ClCompile>
    <ClCompile Include="be_ai_weight.c">
      <Filter>Source Files</Filter>
    </ClCompile>
    <ClCompile Include="be_ea.c">
      <Filter>Source Files</Filter>
    </ClCompile>
    <ClCompile Include="be_interface.c">
      <Filter>Source Files</Filter>
    </ClCompile>
    <ClCompile Include="l_crc.c">
      <Filter>Source Files</Filter>
    </ClCompile>
    <ClCompile Include="l_libvar.c">
      <Filter>Source Files</Filter>
    </ClCompile>
    <ClCompile Include="l_log.c">
      <Filter>Source Files</Filter>
    </ClCompile>
    <ClCompile Include="l_memory.c">
      <Filter>Source Files</Filter>
    </ClCompile>
    <ClCompile Include="l_precomp.c">
      <Filter>Source Files</Filter>
    </ClCompile>
    <ClCompile Include="l_script.c">
      <Filter>Source Files</Filter>
    </ClCompile>
    <ClCompile Include="l_struct.c">
      <Filter>Source Files</Filter>
    </ClCompile>
    <ClCompile Include="..\qcommon\q_math.c">
      <Filter>Source Files</Filter>
    </ClCompile>
    <ClCompile Include="..\qcommon\q_shared.c">
      <Filter>Source Files</Filter>
    </ClCompile>
  </ItemGroup>
  <ItemGroup>
    <ClInclude Include="aasfile.h">
      <Filter>Header Files</Filter>
    </ClInclude>
    <ClInclude Include="be_aas_bsp.h">
      <Filter>Header Files</Filter>
    </ClInclude>
    <ClInclude Include="be_aas_cluster.h">
      <Filter>Header Files</Filter>
    </ClInclude>
    <ClInclude Include="be_aas_debug.h">
      <Filter>Header Files</Filter>
    </ClInclude>
    <ClInclude Include="be_aas_def.h">
      <Filter>Header Files</Filter>
    </ClInclude>
    <ClInclude Include="be_aas_entity.h">
      <Filter>Header Files</Filter>
    </ClInclude>
    <ClInclude Include="be_aas_file.h">
      <Filter>Header Files</Filter>
    </ClInclude>
    <ClInclude Include="be_aas_funcs.h">
      <Filter>Header Files</Filter>
    </ClInclude>
    <ClInclude Include="be_aas_main.h">
      <Filter>Header Files</Filter>
    </ClInclude>
    <ClInclude Include="be_aas_move.h">
      <Filter>Header Files</Filter>
    </ClInclude>
    <ClInclude Include="be_aas_optimize.h">
      <Filter>Header Files</Filter>
    </ClInclude>
    <ClInclude Include="be_aas_reach.h">
      <Filter>Header Files</Filter>
    </ClInclude>
    <ClInclude Include="be_aas_route.h">
      <Filter>Header Files</Filter>
    </ClInclude>
    <ClInclude Include="be_aas_routealt.h">
      <Filter>Header Files</Filter>
    </ClInclude>
    <ClInclude Include="be_aas_routetable.h">
      <Filter>Header Files</Filter>
    </ClInclude>
    <ClInclude Include="be_aas_sample.h">
      <Filter>Header Files</Filter>
    </ClInclude>
    <ClInclude Include="be_ai_weight.h">
      <Filter>Header Files</Filter>
    </ClInclude>
    <ClInclude Include="be_interface.h">
      <Filter>Header Files</Filter>
    </ClInclude>
    <ClInclude Include="l_crc.h">
      <Filter>Header Files</Filter>
    </ClInclude>
    <ClInclude Include="l_libvar.h">
      <Filter>Header Files</Filter>
    </ClInclude>
    <ClInclude Include="l_log.h">
      <Filter>Header Files</Filter>
    </ClInclude>
    <ClInclude Include="l_memory.h">
      <Filter>Header Files</Filter>
    </ClInclude>
    <ClInclude Include="l_precomp.h">
      <Filter>Header Files</Filter>
    </ClInclude>
    <ClInclude Include="l_script.h">
      <Filter>Header Files</Filter>
    </ClInclude>
    <ClInclude Include="l_struct.h">
      <Filter>Header Files</Filter>
    </ClInclude>
    <ClInclude Include="l_utils.h">
      <Filter>Header Files</Filter>
    </ClInclude>
    <ClInclude Include="..\qcommon\q_shared.h">
      <Filter>Header Files</Filter>
    </ClInclude>
    <ClInclude Include="..\qcommon\surfaceflags.h">
      <Filter>Header Files</Filter>
    </ClInclude>
    <ClInclude Include="be_ai_char.h">
      <Filter>Header Files</Filter>
    </ClInclude>
    <ClInclude Include="be_ai_chat.h">
      <Filter>Header Files</Filter>
    </ClInclude>
    <ClInclude Include="be_ai_gen.h">
      <Filter>Header Files</Filter>
    </ClInclude>
    <ClInclude Include="be_ai_goal.h">
      <Filter>Header Files</Filter>
    </ClInclude>
    <ClInclude Include="be_ai_move.h">
      <Filter>Header Files</Filter>
    </ClInclude>
    <ClInclude Include="be_ai_weap.h">
      <Filter>Header Files</Filter>
    </ClInclude>
    <ClInclude Include="be_ea.h">
      <Filter>Header Files</Filter>
    </ClInclude>
    <ClInclude Include="botlib.h">
      <Filter>Header Files</Filter>
    </ClInclude>
  </ItemGroup>
</Project>