Microsoft Visual Studio Solution File, Format Version 11.00
# Visual Studio 2010
Project("{8BC9CEB8-8B4A-11D0-8D11-00A0C91BC942}") = "cgame", "cgame\cgame.vcxproj", "{68A804FC-00C3-44E2-A479-3DB3D20F943D}"
EndProject
Project("{8BC9CEB8-8B4A-11D0-8D11-00A0C91BC942}") = "game", "game\game.vcxproj", "{4F8332D7-5687-4875-813A-A1B7AA479C2D}"
EndProject
Project("{8BC9CEB8-8B4A-11D0-8D11-00A0C91BC942}") = "ui", "ui\ui.vcxproj", "{4C02EEB1-33AA-41C5-9A96-609161DF1635}"
EndProject
Global
	GlobalSection(SolutionConfigurationPlatforms) = preSolution
		Debug|Win32 = Debug|Win32
		Debug|x64 = Debug|x64
		Release|Win32 = Release|Win32
		Release|x64 = Release|x64
	EndGlobalSection
	GlobalSection(ProjectConfigurationPlatforms) = postSolution
		{68A804FC-00C3-44E2-A479-3DB3D20F943D}.Debug|Win32.ActiveCfg = Debug|Win32
		{68A804FC-00C3-44E2-A479-3DB3D20F943D}.Debug|Win32.Build.0 = Debug|Win32
		{68A804FC-00C3-44E2-A479-3DB3D20F943D}.Debug|x64.ActiveCfg = Debug|Win32
		{68A804FC-00C3-44E2-A479-3DB3D20F943D}.Debug|x64.Build.0 = Debug|Win32
		{68A804FC-00C3-44E2-A479-3DB3D20F943D}.Release|Win32.ActiveCfg = Release|Win32
		{68A804FC-00C3-44E2-A479-3DB3D20F943D}.Release|Win32.Build.0 = Release|Win32
		{68A804FC-00C3-44E2-A479-3DB3D20F943D}.Release|x64.ActiveCfg = Release|Win32
		{68A804FC-00C3-44E2-A479-3DB3D20F943D}.Release|x64.Build.0 = Release|Win32
		{4F8332D7-5687-4875-813A-A1B7AA479C2D}.Debug|Win32.ActiveCfg = Debug|Win32
		{4F8332D7-5687-4875-813A-A1B7AA479C2D}.Debug|Win32.Build.0 = Debug|Win32
		{4F8332D7-5687-4875-813A-A1B7AA479C2D}.Debug|x64.ActiveCfg = Debug|Win32
		{4F8332D7-5687-4875-813A-A1B7AA479C2D}.Debug|x64.Build.0 = Debug|Win32
		{4F8332D7-5687-4875-813A-A1B7AA479C2D}.Release|Win32.ActiveCfg = Release|Win32
		{4F8332D7-5687-4875-813A-A1B7AA479C2D}.Release|Win32.Build.0 = Release|Win32
		{4F8332D7-5687-4875-813A-A1B7AA479C2D}.Release|x64.ActiveCfg = Release|Win32
		{4F8332D7-5687-4875-813A-A1B7AA479C2D}.Release|x64.Build.0 = Release|Win32
		{4C02EEB1-33AA-41C5-9A96-609161DF1635}.Debug|Win32.ActiveCfg = Debug|Win32
		{4C02EEB1-33AA-41C5-9A96-609161DF1635}.Debug|Win32.Build.0 = Debug|Win32
		{4C02EEB1-33AA-41C5-9A96-609161DF1635}.Debug|x64.ActiveCfg = Debug|Win32
		{4C02EEB1-33AA-41C5-9A96-609161DF1635}.Debug|x64.Build.0 = Debug|Win32
		{4C02EEB1-33AA-41C5-9A96-609161DF1635}.Release|Win32.ActiveCfg = Release|Win32
		{4C02EEB1-33AA-41C5-9A96-609161DF1635}.Release|Win32.Build.0 = Release|Win32
		{4C02EEB1-33AA-41C5-9A96-609161DF1635}.Release|x64.ActiveCfg = Release|Win32
		{4C02EEB1-33AA-41C5-9A96-609161DF1635}.Release|x64.Build.0 = Release|Win32
	EndGlobalSection
	GlobalSection(SolutionProperties) = preSolution
		HideSolutionNode = FALSE
	EndGlobalSection
EndGlobal
